// !$*UTF8*$!
{
	archiveVersion = 1;
	classes = {
	};
	objectVersion = 77;
	objects = {

/* Begin PBXBuildFile section */
		9E092E8E2D649888003B36C4 /* AppDelegate.swift in Sources */ = {isa = PBXBuildFile; fileRef = 9E092E842D649888003B36C4 /* AppDelegate.swift */; };
		9E092E8F2D649888003B36C4 /* SceneDelegate.swift in Sources */ = {isa = PBXBuildFile; fileRef = 9E092E8B2D649888003B36C4 /* SceneDelegate.swift */; };
		9E092E912D649888003B36C4 /* Assets.xcassets in Resources */ = {isa = PBXBuildFile; fileRef = 9E092E852D649888003B36C4 /* Assets.xcassets */; };
		9E092E932D649888003B36C4 /* LaunchScreen.storyboard in Resources */ = {isa = PBXBuildFile; fileRef = 9E092E882D649888003B36C4 /* LaunchScreen.storyboard */; };
		9E092E972D6498F4003B36C4 /* RxCocoa in Frameworks */ = {isa = PBXBuildFile; productRef = 9E092E962D6498F4003B36C4 /* RxCocoa */; };
		9E092E992D6498F4003B36C4 /* RxSwift in Frameworks */ = {isa = PBXBuildFile; productRef = 9E092E982D6498F4003B36C4 /* RxSwift */; };
		9E092E9C2D649902003B36C4 /* SnapKit in Frameworks */ = {isa = PBXBuildFile; productRef = 9E092E9B2D649902003B36C4 /* SnapKit */; };
		9E092E9F2D64990D003B36C4 /* Then in Frameworks */ = {isa = PBXBuildFile; productRef = 9E092E9E2D64990D003B36C4 /* Then */; };
		9E092EA42D649B2A003B36C4 /* SimpleTableViewExampleViewController.swift in Sources */ = {isa = PBXBuildFile; fileRef = 9E092EA32D649B2A003B36C4 /* SimpleTableViewExampleViewController.swift */; };
		9E092EA82D649BD6003B36C4 /* UIAlertManager.swift in Sources */ = {isa = PBXBuildFile; fileRef = 9E092EA72D649BD6003B36C4 /* UIAlertManager.swift */; };
		9E092EAB2D649F23003B36C4 /* SimpleTableViewCell.swift in Sources */ = {isa = PBXBuildFile; fileRef = 9E092EAA2D649F23003B36C4 /* SimpleTableViewCell.swift */; };
		9E092EB02D64A594003B36C4 /* NumbersViewController.swift in Sources */ = {isa = PBXBuildFile; fileRef = 9E092EAF2D64A594003B36C4 /* NumbersViewController.swift */; };
		9E092EBB2D64AAD5003B36C4 /* SimpleValidationViewController.swift in Sources */ = {isa = PBXBuildFile; fileRef = 9E092EBA2D64AAD5003B36C4 /* SimpleValidationViewController.swift */; };
		9E092EBE2D64B652003B36C4 /* BirthdayViewController.swift in Sources */ = {isa = PBXBuildFile; fileRef = 9E092EBD2D64B652003B36C4 /* BirthdayViewController.swift */; };
		9E092EC12D64B76B003B36C4 /* PointButton.swift in Sources */ = {isa = PBXBuildFile; fileRef = 9E092EC02D64B76B003B36C4 /* PointButton.swift */; };
		9E7FC1322D76DB5E00CEF423 /* RealmSwift in Frameworks */ = {isa = PBXBuildFile; productRef = 9E7FC1312D76DB5E00CEF423 /* RealmSwift */; };
		9E7FC1332D76DB6700CEF423 /* RealmSwift in Embed Frameworks */ = {isa = PBXBuildFile; productRef = 9E7FC1312D76DB5E00CEF423 /* RealmSwift */; settings = {ATTRIBUTES = (CodeSignOnCopy, ); }; };
		9EA269AB2D65CE2E00029A14 /* HomeworkViewModel.swift in Sources */ = {isa = PBXBuildFile; fileRef = 9EA269AA2D65CE2E00029A14 /* HomeworkViewModel.swift */; };
		9EA269AF2D65CE4100029A14 /* UserCollectionViewCell.swift in Sources */ = {isa = PBXBuildFile; fileRef = 9EA269AE2D65CE4100029A14 /* UserCollectionViewCell.swift */; };
		9EA269B02D65CE4100029A14 /* HomeworkViewController.swift in Sources */ = {isa = PBXBuildFile; fileRef = 9EA269AC2D65CE4100029A14 /* HomeworkViewController.swift */; };
		9EA269B12D65CE4100029A14 /* PersonTableViewCell.swift in Sources */ = {isa = PBXBuildFile; fileRef = 9EA269AD2D65CE4100029A14 /* PersonTableViewCell.swift */; };
		9EA269B42D65CF0800029A14 /* Dummy.swift in Sources */ = {isa = PBXBuildFile; fileRef = 9EA269B32D65CF0800029A14 /* Dummy.swift */; };
		9EA269B72D65E8F900029A14 /* Kingfisher in Frameworks */ = {isa = PBXBuildFile; productRef = 9EA269B62D65E8F900029A14 /* Kingfisher */; };
		9EA269B92D65F5B000029A14 /* DetailViewController.swift in Sources */ = {isa = PBXBuildFile; fileRef = 9EA269B82D65F5B000029A14 /* DetailViewController.swift */; };
		9EA26AB82D6C425000029A14 /* LotteryViewController.swift in Sources */ = {isa = PBXBuildFile; fileRef = 9EA26AB72D6C425000029A14 /* LotteryViewController.swift */; };
		9EA26ABC2D6C446D00029A14 /* LotteryModel.swift in Sources */ = {isa = PBXBuildFile; fileRef = 9EA26ABB2D6C446D00029A14 /* LotteryModel.swift */; };
		9EA26ABE2D6C448300029A14 /* LotteryViewModel.swift in Sources */ = {isa = PBXBuildFile; fileRef = 9EA26ABD2D6C448300029A14 /* LotteryViewModel.swift */; };
		9EA26AC12D6C4A5400029A14 /* ViewModelProtocol.swift in Sources */ = {isa = PBXBuildFile; fileRef = 9EA26AC02D6C4A5400029A14 /* ViewModelProtocol.swift */; };
		9EA26AC42D6CADE600029A14 /* LotteryNetworkManager.swift in Sources */ = {isa = PBXBuildFile; fileRef = 9EA26AC32D6CADE600029A14 /* LotteryNetworkManager.swift */; };
		9EA26ACE2D6DC87D00029A14 /* NaverNetworkManager.swift in Sources */ = {isa = PBXBuildFile; fileRef = 9EA26ACD2D6DC87D00029A14 /* NaverNetworkManager.swift */; };
		9EA26AD12D6DC89900029A14 /* Alamofire in Frameworks */ = {isa = PBXBuildFile; productRef = 9EA26AD02D6DC89900029A14 /* Alamofire */; };
		9EA26AD42D6DC8B400029A14 /* Differentiator in Frameworks */ = {isa = PBXBuildFile; productRef = 9EA26AD32D6DC8B400029A14 /* Differentiator */; };
		9EA26AD62D6DC8B400029A14 /* RxDataSources in Frameworks */ = {isa = PBXBuildFile; productRef = 9EA26AD52D6DC8B400029A14 /* RxDataSources */; };
		9EA26AE92D6DC8E900029A14 /* NaverSearchView.swift in Sources */ = {isa = PBXBuildFile; fileRef = 9EA26AD82D6DC8E900029A14 /* NaverSearchView.swift */; };
		9EA26AEA2D6DC8E900029A14 /* NaverShoppingListViewController.swift in Sources */ = {isa = PBXBuildFile; fileRef = 9EA26AE42D6DC8E900029A14 /* NaverShoppingListViewController.swift */; };
		9EA26AEB2D6DC8E900029A14 /* NaverSearchViewController.swift in Sources */ = {isa = PBXBuildFile; fileRef = 9EA26ADC2D6DC8E900029A14 /* NaverSearchViewController.swift */; };
		9EA26AEC2D6DC8E900029A14 /* ShoppingListCollectionViewCell.swift in Sources */ = {isa = PBXBuildFile; fileRef = 9EA26ADE2D6DC8E900029A14 /* ShoppingListCollectionViewCell.swift */; };
		9EA26AED2D6DC8E900029A14 /* NaverShoppingResponseModel.swift in Sources */ = {isa = PBXBuildFile; fileRef = 9EA26AE72D6DC8E900029A14 /* NaverShoppingResponseModel.swift */; };
		9EA26AEE2D6DC8E900029A14 /* NaverShoppingListViewModel.swift in Sources */ = {isa = PBXBuildFile; fileRef = 9EA26AE22D6DC8E900029A14 /* NaverShoppingListViewModel.swift */; };
		9EA26AEF2D6DC8E900029A14 /* NaverSearchViewModel.swift in Sources */ = {isa = PBXBuildFile; fileRef = 9EA26ADA2D6DC8E900029A14 /* NaverSearchViewModel.swift */; };
		9EA26AF02D6DC8E900029A14 /* NaverShoppingListView.swift in Sources */ = {isa = PBXBuildFile; fileRef = 9EA26AE02D6DC8E900029A14 /* NaverShoppingListView.swift */; };
		9EA26AF82D6DC98E00029A14 /* BaseView.swift in Sources */ = {isa = PBXBuildFile; fileRef = 9EA26AF52D6DC98E00029A14 /* BaseView.swift */; };
		9EA26AF92D6DC98E00029A14 /* BaseCollectionViewCell.swift in Sources */ = {isa = PBXBuildFile; fileRef = 9EA26AF42D6DC98E00029A14 /* BaseCollectionViewCell.swift */; };
		9EA26AFA2D6DC98E00029A14 /* BaseViewController.swift in Sources */ = {isa = PBXBuildFile; fileRef = 9EA26AF62D6DC98E00029A14 /* BaseViewController.swift */; };
		9EA26AFD2D6DCB8B00029A14 /* UIImageView+.swift in Sources */ = {isa = PBXBuildFile; fileRef = 9EA26AFC2D6DCB8B00029A14 /* UIImageView+.swift */; };
		9EA26AFF2D6DCC7D00029A14 /* DateFormatterManager.swift in Sources */ = {isa = PBXBuildFile; fileRef = 9EA26AFE2D6DCC7D00029A14 /* DateFormatterManager.swift */; };
		9EA26B012D6DEAE800029A14 /* Secret.xcconfig in Resources */ = {isa = PBXBuildFile; fileRef = 9EA26B002D6DEAE800029A14 /* Secret.xcconfig */; };
		9EA26B032D6DEBC400029A14 /* Bundle+Extension.swift in Sources */ = {isa = PBXBuildFile; fileRef = 9EA26B022D6DEBC400029A14 /* Bundle+Extension.swift */; };
		9EA26B0E2D6F68CA00029A14 /* WishlistViewController.swift in Sources */ = {isa = PBXBuildFile; fileRef = 9EA26B0D2D6F68CA00029A14 /* WishlistViewController.swift */; };
		9EA26B122D6FDFA500029A14 /* WishlistItem.swift in Sources */ = {isa = PBXBuildFile; fileRef = 9EA26B112D6FDFA500029A14 /* WishlistItem.swift */; };
		9EA26B142D6FDFFF00029A14 /* WishlistViewModel.swift in Sources */ = {isa = PBXBuildFile; fileRef = 9EA26B132D6FDFFF00029A14 /* WishlistViewModel.swift */; };
		9EA26B1B2D703FA600029A14 /* WebViewViewController.swift in Sources */ = {isa = PBXBuildFile; fileRef = 9EA26B1A2D703FA600029A14 /* WebViewViewController.swift */; };
/* End PBXBuildFile section */

/* Begin PBXCopyFilesBuildPhase section */
		9E7FC1342D76DB6700CEF423 /* Embed Frameworks */ = {
			isa = PBXCopyFilesBuildPhase;
			buildActionMask = 2147483647;
			dstPath = "";
			dstSubfolderSpec = 10;
			files = (
				9E7FC1332D76DB6700CEF423 /* RealmSwift in Embed Frameworks */,
			);
			name = "Embed Frameworks";
			runOnlyForDeploymentPostprocessing = 0;
		};
/* End PBXCopyFilesBuildPhase section */

/* Begin PBXFileReference section */
		9E092E6C2D649880003B36C4 /* RxPractice.app */ = {isa = PBXFileReference; explicitFileType = wrapper.application; includeInIndex = 0; path = RxPractice.app; sourceTree = BUILT_PRODUCTS_DIR; };
		9E092E842D649888003B36C4 /* AppDelegate.swift */ = {isa = PBXFileReference; lastKnownFileType = sourcecode.swift; path = AppDelegate.swift; sourceTree = "<group>"; };
		9E092E852D649888003B36C4 /* Assets.xcassets */ = {isa = PBXFileReference; lastKnownFileType = folder.assetcatalog; path = Assets.xcassets; sourceTree = "<group>"; };
		9E092E862D649888003B36C4 /* Info.plist */ = {isa = PBXFileReference; lastKnownFileType = text.plist.xml; path = Info.plist; sourceTree = "<group>"; };
		9E092E872D649888003B36C4 /* Base */ = {isa = PBXFileReference; lastKnownFileType = file.storyboard; name = Base; path = Base.lproj/LaunchScreen.storyboard; sourceTree = "<group>"; };
		9E092E8B2D649888003B36C4 /* SceneDelegate.swift */ = {isa = PBXFileReference; lastKnownFileType = sourcecode.swift; path = SceneDelegate.swift; sourceTree = "<group>"; };
		9E092EA32D649B2A003B36C4 /* SimpleTableViewExampleViewController.swift */ = {isa = PBXFileReference; lastKnownFileType = sourcecode.swift; path = SimpleTableViewExampleViewController.swift; sourceTree = "<group>"; };
		9E092EA72D649BD6003B36C4 /* UIAlertManager.swift */ = {isa = PBXFileReference; lastKnownFileType = sourcecode.swift; path = UIAlertManager.swift; sourceTree = "<group>"; };
		9E092EAA2D649F23003B36C4 /* SimpleTableViewCell.swift */ = {isa = PBXFileReference; lastKnownFileType = sourcecode.swift; path = SimpleTableViewCell.swift; sourceTree = "<group>"; };
		9E092EAF2D64A594003B36C4 /* NumbersViewController.swift */ = {isa = PBXFileReference; lastKnownFileType = sourcecode.swift; path = NumbersViewController.swift; sourceTree = "<group>"; };
		9E092EBA2D64AAD5003B36C4 /* SimpleValidationViewController.swift */ = {isa = PBXFileReference; lastKnownFileType = sourcecode.swift; path = SimpleValidationViewController.swift; sourceTree = "<group>"; };
		9E092EBD2D64B652003B36C4 /* BirthdayViewController.swift */ = {isa = PBXFileReference; lastKnownFileType = sourcecode.swift; path = BirthdayViewController.swift; sourceTree = "<group>"; };
		9E092EC02D64B76B003B36C4 /* PointButton.swift */ = {isa = PBXFileReference; lastKnownFileType = sourcecode.swift; path = PointButton.swift; sourceTree = "<group>"; };
		9EA269AA2D65CE2E00029A14 /* HomeworkViewModel.swift */ = {isa = PBXFileReference; lastKnownFileType = sourcecode.swift; path = HomeworkViewModel.swift; sourceTree = "<group>"; };
		9EA269AC2D65CE4100029A14 /* HomeworkViewController.swift */ = {isa = PBXFileReference; lastKnownFileType = sourcecode.swift; path = HomeworkViewController.swift; sourceTree = "<group>"; };
		9EA269AD2D65CE4100029A14 /* PersonTableViewCell.swift */ = {isa = PBXFileReference; lastKnownFileType = sourcecode.swift; path = PersonTableViewCell.swift; sourceTree = "<group>"; };
		9EA269AE2D65CE4100029A14 /* UserCollectionViewCell.swift */ = {isa = PBXFileReference; lastKnownFileType = sourcecode.swift; path = UserCollectionViewCell.swift; sourceTree = "<group>"; };
		9EA269B32D65CF0800029A14 /* Dummy.swift */ = {isa = PBXFileReference; lastKnownFileType = sourcecode.swift; path = Dummy.swift; sourceTree = "<group>"; };
		9EA269B82D65F5B000029A14 /* DetailViewController.swift */ = {isa = PBXFileReference; lastKnownFileType = sourcecode.swift; path = DetailViewController.swift; sourceTree = "<group>"; };
		9EA26AB72D6C425000029A14 /* LotteryViewController.swift */ = {isa = PBXFileReference; lastKnownFileType = sourcecode.swift; path = LotteryViewController.swift; sourceTree = "<group>"; };
		9EA26ABB2D6C446D00029A14 /* LotteryModel.swift */ = {isa = PBXFileReference; lastKnownFileType = sourcecode.swift; path = LotteryModel.swift; sourceTree = "<group>"; };
		9EA26ABD2D6C448300029A14 /* LotteryViewModel.swift */ = {isa = PBXFileReference; lastKnownFileType = sourcecode.swift; path = LotteryViewModel.swift; sourceTree = "<group>"; };
		9EA26AC02D6C4A5400029A14 /* ViewModelProtocol.swift */ = {isa = PBXFileReference; lastKnownFileType = sourcecode.swift; path = ViewModelProtocol.swift; sourceTree = "<group>"; };
		9EA26AC32D6CADE600029A14 /* LotteryNetworkManager.swift */ = {isa = PBXFileReference; lastKnownFileType = sourcecode.swift; path = LotteryNetworkManager.swift; sourceTree = "<group>"; };
		9EA26ACD2D6DC87D00029A14 /* NaverNetworkManager.swift */ = {isa = PBXFileReference; lastKnownFileType = sourcecode.swift; path = NaverNetworkManager.swift; sourceTree = "<group>"; };
		9EA26AD82D6DC8E900029A14 /* NaverSearchView.swift */ = {isa = PBXFileReference; lastKnownFileType = sourcecode.swift; path = NaverSearchView.swift; sourceTree = "<group>"; };
		9EA26ADA2D6DC8E900029A14 /* NaverSearchViewModel.swift */ = {isa = PBXFileReference; lastKnownFileType = sourcecode.swift; path = NaverSearchViewModel.swift; sourceTree = "<group>"; };
		9EA26ADC2D6DC8E900029A14 /* NaverSearchViewController.swift */ = {isa = PBXFileReference; lastKnownFileType = sourcecode.swift; path = NaverSearchViewController.swift; sourceTree = "<group>"; };
		9EA26ADE2D6DC8E900029A14 /* ShoppingListCollectionViewCell.swift */ = {isa = PBXFileReference; lastKnownFileType = sourcecode.swift; path = ShoppingListCollectionViewCell.swift; sourceTree = "<group>"; };
		9EA26AE02D6DC8E900029A14 /* NaverShoppingListView.swift */ = {isa = PBXFileReference; lastKnownFileType = sourcecode.swift; path = NaverShoppingListView.swift; sourceTree = "<group>"; };
		9EA26AE22D6DC8E900029A14 /* NaverShoppingListViewModel.swift */ = {isa = PBXFileReference; lastKnownFileType = sourcecode.swift; path = NaverShoppingListViewModel.swift; sourceTree = "<group>"; };
		9EA26AE42D6DC8E900029A14 /* NaverShoppingListViewController.swift */ = {isa = PBXFileReference; lastKnownFileType = sourcecode.swift; path = NaverShoppingListViewController.swift; sourceTree = "<group>"; };
		9EA26AE72D6DC8E900029A14 /* NaverShoppingResponseModel.swift */ = {isa = PBXFileReference; lastKnownFileType = sourcecode.swift; path = NaverShoppingResponseModel.swift; sourceTree = "<group>"; };
		9EA26AF42D6DC98E00029A14 /* BaseCollectionViewCell.swift */ = {isa = PBXFileReference; lastKnownFileType = sourcecode.swift; path = BaseCollectionViewCell.swift; sourceTree = "<group>"; };
		9EA26AF52D6DC98E00029A14 /* BaseView.swift */ = {isa = PBXFileReference; lastKnownFileType = sourcecode.swift; path = BaseView.swift; sourceTree = "<group>"; };
		9EA26AF62D6DC98E00029A14 /* BaseViewController.swift */ = {isa = PBXFileReference; lastKnownFileType = sourcecode.swift; path = BaseViewController.swift; sourceTree = "<group>"; };
		9EA26AFC2D6DCB8B00029A14 /* UIImageView+.swift */ = {isa = PBXFileReference; lastKnownFileType = sourcecode.swift; path = "UIImageView+.swift"; sourceTree = "<group>"; };
		9EA26AFE2D6DCC7D00029A14 /* DateFormatterManager.swift */ = {isa = PBXFileReference; lastKnownFileType = sourcecode.swift; path = DateFormatterManager.swift; sourceTree = "<group>"; };
		9EA26B002D6DEAE800029A14 /* Secret.xcconfig */ = {isa = PBXFileReference; lastKnownFileType = text.xcconfig; path = Secret.xcconfig; sourceTree = "<group>"; };
		9EA26B022D6DEBC400029A14 /* Bundle+Extension.swift */ = {isa = PBXFileReference; lastKnownFileType = sourcecode.swift; path = "Bundle+Extension.swift"; sourceTree = "<group>"; };
		9EA26B0D2D6F68CA00029A14 /* WishlistViewController.swift */ = {isa = PBXFileReference; lastKnownFileType = sourcecode.swift; path = WishlistViewController.swift; sourceTree = "<group>"; };
		9EA26B112D6FDFA500029A14 /* WishlistItem.swift */ = {isa = PBXFileReference; lastKnownFileType = sourcecode.swift; path = WishlistItem.swift; sourceTree = "<group>"; };
		9EA26B132D6FDFFF00029A14 /* WishlistViewModel.swift */ = {isa = PBXFileReference; lastKnownFileType = sourcecode.swift; path = WishlistViewModel.swift; sourceTree = "<group>"; };
		9EA26B1A2D703FA600029A14 /* WebViewViewController.swift */ = {isa = PBXFileReference; lastKnownFileType = sourcecode.swift; path = WebViewViewController.swift; sourceTree = "<group>"; };
/* End PBXFileReference section */

/* Begin PBXFrameworksBuildPhase section */
		9E092E692D649880003B36C4 /* Frameworks */ = {
			isa = PBXFrameworksBuildPhase;
			buildActionMask = 2147483647;
			files = (
				9EA26AD42D6DC8B400029A14 /* Differentiator in Frameworks */,
				9E092E9C2D649902003B36C4 /* SnapKit in Frameworks */,
				9E092E992D6498F4003B36C4 /* RxSwift in Frameworks */,
				9E7FC1322D76DB5E00CEF423 /* RealmSwift in Frameworks */,
				9E092E972D6498F4003B36C4 /* RxCocoa in Frameworks */,
				9EA26AD12D6DC89900029A14 /* Alamofire in Frameworks */,
				9EA26AD62D6DC8B400029A14 /* RxDataSources in Frameworks */,
				9E092E9F2D64990D003B36C4 /* Then in Frameworks */,
				9EA269B72D65E8F900029A14 /* Kingfisher in Frameworks */,
			);
			runOnlyForDeploymentPostprocessing = 0;
		};
/* End PBXFrameworksBuildPhase section */

/* Begin PBXGroup section */
		9E092E632D649880003B36C4 = {
			isa = PBXGroup;
			children = (
				9E092E8D2D649888003B36C4 /* RxPractice */,
				9E092E6D2D649880003B36C4 /* Products */,
			);
			sourceTree = "<group>";
		};
		9E092E6D2D649880003B36C4 /* Products */ = {
			isa = PBXGroup;
			children = (
				9E092E6C2D649880003B36C4 /* RxPractice.app */,
			);
			name = Products;
			sourceTree = "<group>";
		};
		9E092E8D2D649888003B36C4 /* RxPractice */ = {
			isa = PBXGroup;
			children = (
				9E092EA02D649914003B36C4 /* Application */,
				9E092EA52D649B8B003B36C4 /* Global */,
				9E092EBF2D64B757003B36C4 /* UIComponents */,
				9E092EA22D649931003B36C4 /* Present */,
			);
			path = RxPractice;
			sourceTree = "<group>";
		};
		9E092EA02D649914003B36C4 /* Application */ = {
			isa = PBXGroup;
			children = (
				9E092E842D649888003B36C4 /* AppDelegate.swift */,
				9E092E8B2D649888003B36C4 /* SceneDelegate.swift */,
				9E092E882D649888003B36C4 /* LaunchScreen.storyboard */,
				9EA26B002D6DEAE800029A14 /* Secret.xcconfig */,
				9E092E862D649888003B36C4 /* Info.plist */,
			);
			path = Application;
			sourceTree = "<group>";
		};
		9E092EA12D649927003B36C4 /* Resources */ = {
			isa = PBXGroup;
			children = (
				9E092E852D649888003B36C4 /* Assets.xcassets */,
			);
			path = Resources;
			sourceTree = "<group>";
		};
		9E092EA22D649931003B36C4 /* Present */ = {
			isa = PBXGroup;
			children = (
				9EA26B192D703F9100029A14 /* WebView */,
				9EA26B0B2D6F68AD00029A14 /* Wishlist */,
				9EA26AD72D6DC8BD00029A14 /* NaverShopping */,
				9EA26AB52D6C423500029A14 /* Lottery */,
				9E092EA92D649EE3003B36C4 /* SimpleTable */,
				9E092EAE2D64A581003B36C4 /* Numbers */,
				9E092EB92D64AA99003B36C4 /* SimpleValidation */,
				9E092EBC2D64B615003B36C4 /* Birthday */,
				9EA269A72D65CDF000029A14 /* Homework */,
				9EA26AF72D6DC98E00029A14 /* Base */,
			);
			path = Present;
			sourceTree = "<group>";
		};
		9E092EA52D649B8B003B36C4 /* Global */ = {
			isa = PBXGroup;
			children = (
				9EA26AFB2D6DCB7D00029A14 /* Extensions */,
				9EA26AC22D6CADD700029A14 /* Network */,
				9EA26ABF2D6C4A4500029A14 /* Protocols */,
				9E092EA62D649B9D003B36C4 /* Utility */,
				9E092EA12D649927003B36C4 /* Resources */,
			);
			path = Global;
			sourceTree = "<group>";
		};
		9E092EA62D649B9D003B36C4 /* Utility */ = {
			isa = PBXGroup;
			children = (
				9E092EA72D649BD6003B36C4 /* UIAlertManager.swift */,
				9EA26AFE2D6DCC7D00029A14 /* DateFormatterManager.swift */,
			);
			path = Utility;
			sourceTree = "<group>";
		};
		9E092EA92D649EE3003B36C4 /* SimpleTable */ = {
			isa = PBXGroup;
			children = (
				9E092EA32D649B2A003B36C4 /* SimpleTableViewExampleViewController.swift */,
				9E092EAA2D649F23003B36C4 /* SimpleTableViewCell.swift */,
			);
			path = SimpleTable;
			sourceTree = "<group>";
		};
		9E092EAE2D64A581003B36C4 /* Numbers */ = {
			isa = PBXGroup;
			children = (
				9E092EAF2D64A594003B36C4 /* NumbersViewController.swift */,
			);
			path = Numbers;
			sourceTree = "<group>";
		};
		9E092EB92D64AA99003B36C4 /* SimpleValidation */ = {
			isa = PBXGroup;
			children = (
				9E092EBA2D64AAD5003B36C4 /* SimpleValidationViewController.swift */,
			);
			path = SimpleValidation;
			sourceTree = "<group>";
		};
		9E092EBC2D64B615003B36C4 /* Birthday */ = {
			isa = PBXGroup;
			children = (
				9E092EBD2D64B652003B36C4 /* BirthdayViewController.swift */,
			);
			path = Birthday;
			sourceTree = "<group>";
		};
		9E092EBF2D64B757003B36C4 /* UIComponents */ = {
			isa = PBXGroup;
			children = (
				9E092EC02D64B76B003B36C4 /* PointButton.swift */,
			);
			path = UIComponents;
			sourceTree = "<group>";
		};
		9EA269A72D65CDF000029A14 /* Homework */ = {
			isa = PBXGroup;
			children = (
				9EA269B32D65CF0800029A14 /* Dummy.swift */,
				9EA269A82D65CE1800029A14 /* ViewModel */,
				9EA269A92D65CE1D00029A14 /* View */,
			);
			path = Homework;
			sourceTree = "<group>";
		};
		9EA269A82D65CE1800029A14 /* ViewModel */ = {
			isa = PBXGroup;
			children = (
				9EA269AA2D65CE2E00029A14 /* HomeworkViewModel.swift */,
			);
			path = ViewModel;
			sourceTree = "<group>";
		};
		9EA269A92D65CE1D00029A14 /* View */ = {
			isa = PBXGroup;
			children = (
				9EA269B22D65CE4F00029A14 /* Cell */,
				9EA269AC2D65CE4100029A14 /* HomeworkViewController.swift */,
				9EA269B82D65F5B000029A14 /* DetailViewController.swift */,
			);
			path = View;
			sourceTree = "<group>";
		};
		9EA269B22D65CE4F00029A14 /* Cell */ = {
			isa = PBXGroup;
			children = (
				9EA269AD2D65CE4100029A14 /* PersonTableViewCell.swift */,
				9EA269AE2D65CE4100029A14 /* UserCollectionViewCell.swift */,
			);
			path = Cell;
			sourceTree = "<group>";
		};
		9EA26AB52D6C423500029A14 /* Lottery */ = {
			isa = PBXGroup;
			children = (
				9EA26ABA2D6C444E00029A14 /* Model */,
				9EA26AB92D6C444800029A14 /* ViewModel */,
				9EA26AB62D6C424300029A14 /* View */,
			);
			path = Lottery;
			sourceTree = "<group>";
		};
		9EA26AB62D6C424300029A14 /* View */ = {
			isa = PBXGroup;
			children = (
				9EA26AB72D6C425000029A14 /* LotteryViewController.swift */,
			);
			path = View;
			sourceTree = "<group>";
		};
		9EA26AB92D6C444800029A14 /* ViewModel */ = {
			isa = PBXGroup;
			children = (
				9EA26ABD2D6C448300029A14 /* LotteryViewModel.swift */,
			);
			path = ViewModel;
			sourceTree = "<group>";
		};
		9EA26ABA2D6C444E00029A14 /* Model */ = {
			isa = PBXGroup;
			children = (
				9EA26ABB2D6C446D00029A14 /* LotteryModel.swift */,
			);
			path = Model;
			sourceTree = "<group>";
		};
		9EA26ABF2D6C4A4500029A14 /* Protocols */ = {
			isa = PBXGroup;
			children = (
				9EA26AC02D6C4A5400029A14 /* ViewModelProtocol.swift */,
			);
			path = Protocols;
			sourceTree = "<group>";
		};
		9EA26AC22D6CADD700029A14 /* Network */ = {
			isa = PBXGroup;
			children = (
				9EA26AC32D6CADE600029A14 /* LotteryNetworkManager.swift */,
				9EA26ACD2D6DC87D00029A14 /* NaverNetworkManager.swift */,
			);
			path = Network;
			sourceTree = "<group>";
		};
		9EA26AD72D6DC8BD00029A14 /* NaverShopping */ = {
			isa = PBXGroup;
			children = (
				9EA26AF12D6DC91600029A14 /* Model */,
				9EA26ADD2D6DC8E900029A14 /* Search */,
				9EA26AE52D6DC8E900029A14 /* Shopping */,
			);
			path = NaverShopping;
			sourceTree = "<group>";
		};
		9EA26AD92D6DC8E900029A14 /* Views */ = {
			isa = PBXGroup;
			children = (
				9EA26ADC2D6DC8E900029A14 /* NaverSearchViewController.swift */,
				9EA26AD82D6DC8E900029A14 /* NaverSearchView.swift */,
			);
			path = Views;
			sourceTree = "<group>";
		};
		9EA26ADB2D6DC8E900029A14 /* ViewModel */ = {
			isa = PBXGroup;
			children = (
				9EA26ADA2D6DC8E900029A14 /* NaverSearchViewModel.swift */,
			);
			path = ViewModel;
			sourceTree = "<group>";
		};
		9EA26ADD2D6DC8E900029A14 /* Search */ = {
			isa = PBXGroup;
			children = (
				9EA26ADB2D6DC8E900029A14 /* ViewModel */,
				9EA26AD92D6DC8E900029A14 /* Views */,
			);
			path = Search;
			sourceTree = "<group>";
		};
		9EA26ADF2D6DC8E900029A14 /* Cell */ = {
			isa = PBXGroup;
			children = (
				9EA26ADE2D6DC8E900029A14 /* ShoppingListCollectionViewCell.swift */,
			);
			path = Cell;
			sourceTree = "<group>";
		};
		9EA26AE32D6DC8E900029A14 /* ViewModel */ = {
			isa = PBXGroup;
			children = (
				9EA26AE22D6DC8E900029A14 /* NaverShoppingListViewModel.swift */,
			);
			path = ViewModel;
			sourceTree = "<group>";
		};
		9EA26AE52D6DC8E900029A14 /* Shopping */ = {
			isa = PBXGroup;
			children = (
				9EA26AE32D6DC8E900029A14 /* ViewModel */,
				9EA26AF22D6DC92600029A14 /* Views */,
			);
			path = Shopping;
			sourceTree = "<group>";
		};
		9EA26AF12D6DC91600029A14 /* Model */ = {
			isa = PBXGroup;
			children = (
				9EA26AE72D6DC8E900029A14 /* NaverShoppingResponseModel.swift */,
			);
			path = Model;
			sourceTree = "<group>";
		};
		9EA26AF22D6DC92600029A14 /* Views */ = {
			isa = PBXGroup;
			children = (
				9EA26AE42D6DC8E900029A14 /* NaverShoppingListViewController.swift */,
				9EA26AE02D6DC8E900029A14 /* NaverShoppingListView.swift */,
				9EA26ADF2D6DC8E900029A14 /* Cell */,
			);
			path = Views;
			sourceTree = "<group>";
		};
		9EA26AF72D6DC98E00029A14 /* Base */ = {
			isa = PBXGroup;
			children = (
				9EA26AF42D6DC98E00029A14 /* BaseCollectionViewCell.swift */,
				9EA26AF52D6DC98E00029A14 /* BaseView.swift */,
				9EA26AF62D6DC98E00029A14 /* BaseViewController.swift */,
			);
			path = Base;
			sourceTree = "<group>";
		};
		9EA26AFB2D6DCB7D00029A14 /* Extensions */ = {
			isa = PBXGroup;
			children = (
				9EA26AFC2D6DCB8B00029A14 /* UIImageView+.swift */,
				9EA26B022D6DEBC400029A14 /* Bundle+Extension.swift */,
			);
			path = Extensions;
			sourceTree = "<group>";
		};
		9EA26B0B2D6F68AD00029A14 /* Wishlist */ = {
			isa = PBXGroup;
			children = (
				9EA26B102D6FDF3900029A14 /* Model */,
				9EA26B0F2D6FDF3000029A14 /* ViewModel */,
				9EA26B0C2D6F68B700029A14 /* Views */,
			);
			path = Wishlist;
			sourceTree = "<group>";
		};
		9EA26B0C2D6F68B700029A14 /* Views */ = {
			isa = PBXGroup;
			children = (
				9EA26B0D2D6F68CA00029A14 /* WishlistViewController.swift */,
			);
			path = Views;
			sourceTree = "<group>";
		};
		9EA26B0F2D6FDF3000029A14 /* ViewModel */ = {
			isa = PBXGroup;
			children = (
				9EA26B132D6FDFFF00029A14 /* WishlistViewModel.swift */,
			);
			path = ViewModel;
			sourceTree = "<group>";
		};
		9EA26B102D6FDF3900029A14 /* Model */ = {
			isa = PBXGroup;
			children = (
				9EA26B112D6FDFA500029A14 /* WishlistItem.swift */,
			);
			path = Model;
			sourceTree = "<group>";
		};
		9EA26B192D703F9100029A14 /* WebView */ = {
			isa = PBXGroup;
			children = (
				9EA26B1A2D703FA600029A14 /* WebViewViewController.swift */,
			);
			path = WebView;
			sourceTree = "<group>";
		};
/* End PBXGroup section */

/* Begin PBXNativeTarget section */
		9E092E6B2D649880003B36C4 /* RxPractice */ = {
			isa = PBXNativeTarget;
			buildConfigurationList = 9E092E7F2D649883003B36C4 /* Build configuration list for PBXNativeTarget "RxPractice" */;
			buildPhases = (
				9E092E682D649880003B36C4 /* Sources */,
				9E092E692D649880003B36C4 /* Frameworks */,
				9E092E6A2D649880003B36C4 /* Resources */,
				9E7FC1342D76DB6700CEF423 /* Embed Frameworks */,
			);
			buildRules = (
			);
			dependencies = (
			);
			name = RxPractice;
			packageProductDependencies = (
				9E092E962D6498F4003B36C4 /* RxCocoa */,
				9E092E982D6498F4003B36C4 /* RxSwift */,
				9E092E9B2D649902003B36C4 /* SnapKit */,
				9E092E9E2D64990D003B36C4 /* Then */,
				9EA269B62D65E8F900029A14 /* Kingfisher */,
				9EA26AD02D6DC89900029A14 /* Alamofire */,
				9EA26AD32D6DC8B400029A14 /* Differentiator */,
				9EA26AD52D6DC8B400029A14 /* RxDataSources */,
				9E7FC1312D76DB5E00CEF423 /* RealmSwift */,
			);
			productName = RxPractice;
			productReference = 9E092E6C2D649880003B36C4 /* RxPractice.app */;
			productType = "com.apple.product-type.application";
		};
/* End PBXNativeTarget section */

/* Begin PBXProject section */
		9E092E642D649880003B36C4 /* Project object */ = {
			isa = PBXProject;
			attributes = {
				BuildIndependentTargetsInParallel = 1;
				LastSwiftUpdateCheck = 1610;
				LastUpgradeCheck = 1610;
				TargetAttributes = {
					9E092E6B2D649880003B36C4 = {
						CreatedOnToolsVersion = 16.1;
					};
				};
			};
			buildConfigurationList = 9E092E672D649880003B36C4 /* Build configuration list for PBXProject "RxPractice" */;
			developmentRegion = en;
			hasScannedForEncodings = 0;
			knownRegions = (
				en,
				Base,
			);
			mainGroup = 9E092E632D649880003B36C4;
			minimizedProjectReferenceProxies = 1;
			packageReferences = (
				9E092E952D6498F4003B36C4 /* XCRemoteSwiftPackageReference "RxSwift" */,
				9E092E9A2D649902003B36C4 /* XCRemoteSwiftPackageReference "SnapKit" */,
				9E092E9D2D64990D003B36C4 /* XCRemoteSwiftPackageReference "Then" */,
				9EA269B52D65E8F900029A14 /* XCRemoteSwiftPackageReference "Kingfisher" */,
				9EA26ACF2D6DC89900029A14 /* XCRemoteSwiftPackageReference "Alamofire" */,
				9EA26AD22D6DC8B400029A14 /* XCRemoteSwiftPackageReference "RxDataSources" */,
				9E7FC1302D76DB5E00CEF423 /* XCRemoteSwiftPackageReference "realm-swift" */,
			);
			preferredProjectObjectVersion = 77;
			productRefGroup = 9E092E6D2D649880003B36C4 /* Products */;
			projectDirPath = "";
			projectRoot = "";
			targets = (
				9E092E6B2D649880003B36C4 /* RxPractice */,
			);
		};
/* End PBXProject section */

/* Begin PBXResourcesBuildPhase section */
		9E092E6A2D649880003B36C4 /* Resources */ = {
			isa = PBXResourcesBuildPhase;
			buildActionMask = 2147483647;
			files = (
				9EA26B012D6DEAE800029A14 /* Secret.xcconfig in Resources */,
				9E092E912D649888003B36C4 /* Assets.xcassets in Resources */,
				9E092E932D649888003B36C4 /* LaunchScreen.storyboard in Resources */,
			);
			runOnlyForDeploymentPostprocessing = 0;
		};
/* End PBXResourcesBuildPhase section */

/* Begin PBXSourcesBuildPhase section */
		9E092E682D649880003B36C4 /* Sources */ = {
			isa = PBXSourcesBuildPhase;
			buildActionMask = 2147483647;
			files = (
				9EA269AB2D65CE2E00029A14 /* HomeworkViewModel.swift in Sources */,
				9EA26B032D6DEBC400029A14 /* Bundle+Extension.swift in Sources */,
				9E092E8E2D649888003B36C4 /* AppDelegate.swift in Sources */,
				9EA26AC42D6CADE600029A14 /* LotteryNetworkManager.swift in Sources */,
				9E092EBB2D64AAD5003B36C4 /* SimpleValidationViewController.swift in Sources */,
				9EA26AC12D6C4A5400029A14 /* ViewModelProtocol.swift in Sources */,
				9E092EC12D64B76B003B36C4 /* PointButton.swift in Sources */,
				9EA26ACE2D6DC87D00029A14 /* NaverNetworkManager.swift in Sources */,
				9EA26ABE2D6C448300029A14 /* LotteryViewModel.swift in Sources */,
				9EA26ABC2D6C446D00029A14 /* LotteryModel.swift in Sources */,
				9E092EA42D649B2A003B36C4 /* SimpleTableViewExampleViewController.swift in Sources */,
				9E092EA82D649BD6003B36C4 /* UIAlertManager.swift in Sources */,
				9E092EB02D64A594003B36C4 /* NumbersViewController.swift in Sources */,
				9EA26B0E2D6F68CA00029A14 /* WishlistViewController.swift in Sources */,
				9EA26AFD2D6DCB8B00029A14 /* UIImageView+.swift in Sources */,
				9E092EBE2D64B652003B36C4 /* BirthdayViewController.swift in Sources */,
				9EA26AE92D6DC8E900029A14 /* NaverSearchView.swift in Sources */,
				9EA26AEA2D6DC8E900029A14 /* NaverShoppingListViewController.swift in Sources */,
				9EA26AEB2D6DC8E900029A14 /* NaverSearchViewController.swift in Sources */,
				9EA26AEC2D6DC8E900029A14 /* ShoppingListCollectionViewCell.swift in Sources */,
				9EA26AED2D6DC8E900029A14 /* NaverShoppingResponseModel.swift in Sources */,
				9EA26B142D6FDFFF00029A14 /* WishlistViewModel.swift in Sources */,
				9EA26AEE2D6DC8E900029A14 /* NaverShoppingListViewModel.swift in Sources */,
				9EA26AEF2D6DC8E900029A14 /* NaverSearchViewModel.swift in Sources */,
				9EA26AF02D6DC8E900029A14 /* NaverShoppingListView.swift in Sources */,
				9EA26AB82D6C425000029A14 /* LotteryViewController.swift in Sources */,
				9EA269B42D65CF0800029A14 /* Dummy.swift in Sources */,
				9E092EAB2D649F23003B36C4 /* SimpleTableViewCell.swift in Sources */,
				9EA269AF2D65CE4100029A14 /* UserCollectionViewCell.swift in Sources */,
				9EA26B122D6FDFA500029A14 /* WishlistItem.swift in Sources */,
				9EA269B02D65CE4100029A14 /* HomeworkViewController.swift in Sources */,
				9EA269B92D65F5B000029A14 /* DetailViewController.swift in Sources */,
				9EA26AFF2D6DCC7D00029A14 /* DateFormatterManager.swift in Sources */,
				9EA269B12D65CE4100029A14 /* PersonTableViewCell.swift in Sources */,
				9EA26B1B2D703FA600029A14 /* WebViewViewController.swift in Sources */,
				9E092E8F2D649888003B36C4 /* SceneDelegate.swift in Sources */,
				9EA26AF82D6DC98E00029A14 /* BaseView.swift in Sources */,
				9EA26AF92D6DC98E00029A14 /* BaseCollectionViewCell.swift in Sources */,
				9EA26AFA2D6DC98E00029A14 /* BaseViewController.swift in Sources */,
			);
			runOnlyForDeploymentPostprocessing = 0;
		};
/* End PBXSourcesBuildPhase section */

/* Begin PBXVariantGroup section */
		9E092E882D649888003B36C4 /* LaunchScreen.storyboard */ = {
			isa = PBXVariantGroup;
			children = (
				9E092E872D649888003B36C4 /* Base */,
			);
			name = LaunchScreen.storyboard;
			sourceTree = "<group>";
		};
/* End PBXVariantGroup section */

/* Begin XCBuildConfiguration section */
		9E092E802D649883003B36C4 /* Debug */ = {
			isa = XCBuildConfiguration;
			baseConfigurationReference = 9EA26B002D6DEAE800029A14 /* Secret.xcconfig */;
			buildSettings = {
				ASSETCATALOG_COMPILER_APPICON_NAME = AppIcon;
				ASSETCATALOG_COMPILER_GLOBAL_ACCENT_COLOR_NAME = AccentColor;
				CODE_SIGN_STYLE = Automatic;
				CURRENT_PROJECT_VERSION = 1;
				DEVELOPMENT_TEAM = A95XXD5WT7;
				GENERATE_INFOPLIST_FILE = YES;
				INFOPLIST_FILE = RxPractice/Application/Info.plist;
				INFOPLIST_KEY_UIApplicationSupportsIndirectInputEvents = YES;
				INFOPLIST_KEY_UILaunchStoryboardName = LaunchScreen;
				INFOPLIST_KEY_UISupportedInterfaceOrientations = UIInterfaceOrientationPortrait;
				IPHONEOS_DEPLOYMENT_TARGET = 18.0;
				LD_RUNPATH_SEARCH_PATHS = (
					"$(inherited)",
					"@executable_path/Frameworks",
				);
				MARKETING_VERSION = 1.0;
				PRODUCT_BUNDLE_IDENTIFIER = com.psy.RxPractice;
				PRODUCT_NAME = "$(TARGET_NAME)";
				SUPPORTED_PLATFORMS = "iphoneos iphonesimulator";
				SUPPORTS_MACCATALYST = NO;
				SUPPORTS_MAC_DESIGNED_FOR_IPHONE_IPAD = NO;
				SUPPORTS_XR_DESIGNED_FOR_IPHONE_IPAD = NO;
				SWIFT_EMIT_LOC_STRINGS = YES;
				SWIFT_VERSION = 5.0;
				TARGETED_DEVICE_FAMILY = 1;
			};
			name = Debug;
		};
		9E092E812D649883003B36C4 /* Release */ = {
			isa = XCBuildConfiguration;
			baseConfigurationReference = 9EA26B002D6DEAE800029A14 /* Secret.xcconfig */;
			buildSettings = {
				ASSETCATALOG_COMPILER_APPICON_NAME = AppIcon;
				ASSETCATALOG_COMPILER_GLOBAL_ACCENT_COLOR_NAME = AccentColor;
				CODE_SIGN_STYLE = Automatic;
				CURRENT_PROJECT_VERSION = 1;
				DEVELOPMENT_TEAM = A95XXD5WT7;
				GENERATE_INFOPLIST_FILE = YES;
				INFOPLIST_FILE = RxPractice/Application/Info.plist;
				INFOPLIST_KEY_UIApplicationSupportsIndirectInputEvents = YES;
				INFOPLIST_KEY_UILaunchStoryboardName = LaunchScreen;
				INFOPLIST_KEY_UISupportedInterfaceOrientations = UIInterfaceOrientationPortrait;
				IPHONEOS_DEPLOYMENT_TARGET = 18.0;
				LD_RUNPATH_SEARCH_PATHS = (
					"$(inherited)",
					"@executable_path/Frameworks",
				);
				MARKETING_VERSION = 1.0;
				PRODUCT_BUNDLE_IDENTIFIER = com.psy.RxPractice;
				PRODUCT_NAME = "$(TARGET_NAME)";
				SUPPORTED_PLATFORMS = "iphoneos iphonesimulator";
				SUPPORTS_MACCATALYST = NO;
				SUPPORTS_MAC_DESIGNED_FOR_IPHONE_IPAD = NO;
				SUPPORTS_XR_DESIGNED_FOR_IPHONE_IPAD = NO;
				SWIFT_EMIT_LOC_STRINGS = YES;
				SWIFT_VERSION = 5.0;
				TARGETED_DEVICE_FAMILY = 1;
			};
			name = Release;
		};
		9E092E822D649883003B36C4 /* Debug */ = {
			isa = XCBuildConfiguration;
			buildSettings = {
				ALWAYS_SEARCH_USER_PATHS = NO;
				ASSETCATALOG_COMPILER_GENERATE_SWIFT_ASSET_SYMBOL_EXTENSIONS = YES;
				CLANG_ANALYZER_NONNULL = YES;
				CLANG_ANALYZER_NUMBER_OBJECT_CONVERSION = YES_AGGRESSIVE;
				CLANG_CXX_LANGUAGE_STANDARD = "gnu++20";
				CLANG_ENABLE_MODULES = YES;
				CLANG_ENABLE_OBJC_ARC = YES;
				CLANG_ENABLE_OBJC_WEAK = YES;
				CLANG_WARN_BLOCK_CAPTURE_AUTORELEASING = YES;
				CLANG_WARN_BOOL_CONVERSION = YES;
				CLANG_WARN_COMMA = YES;
				CLANG_WARN_CONSTANT_CONVERSION = YES;
				CLANG_WARN_DEPRECATED_OBJC_IMPLEMENTATIONS = YES;
				CLANG_WARN_DIRECT_OBJC_ISA_USAGE = YES_ERROR;
				CLANG_WARN_DOCUMENTATION_COMMENTS = YES;
				CLANG_WARN_EMPTY_BODY = YES;
				CLANG_WARN_ENUM_CONVERSION = YES;
				CLANG_WARN_INFINITE_RECURSION = YES;
				CLANG_WARN_INT_CONVERSION = YES;
				CLANG_WARN_NON_LITERAL_NULL_CONVERSION = YES;
				CLANG_WARN_OBJC_IMPLICIT_RETAIN_SELF = YES;
				CLANG_WARN_OBJC_LITERAL_CONVERSION = YES;
				CLANG_WARN_OBJC_ROOT_CLASS = YES_ERROR;
				CLANG_WARN_QUOTED_INCLUDE_IN_FRAMEWORK_HEADER = YES;
				CLANG_WARN_RANGE_LOOP_ANALYSIS = YES;
				CLANG_WARN_STRICT_PROTOTYPES = YES;
				CLANG_WARN_SUSPICIOUS_MOVE = YES;
				CLANG_WARN_UNGUARDED_AVAILABILITY = YES_AGGRESSIVE;
				CLANG_WARN_UNREACHABLE_CODE = YES;
				CLANG_WARN__DUPLICATE_METHOD_MATCH = YES;
				COPY_PHASE_STRIP = NO;
				DEBUG_INFORMATION_FORMAT = dwarf;
				ENABLE_STRICT_OBJC_MSGSEND = YES;
				ENABLE_TESTABILITY = YES;
				ENABLE_USER_SCRIPT_SANDBOXING = YES;
				GCC_C_LANGUAGE_STANDARD = gnu17;
				GCC_DYNAMIC_NO_PIC = NO;
				GCC_NO_COMMON_BLOCKS = YES;
				GCC_OPTIMIZATION_LEVEL = 0;
				GCC_PREPROCESSOR_DEFINITIONS = (
					"DEBUG=1",
					"$(inherited)",
				);
				GCC_WARN_64_TO_32_BIT_CONVERSION = YES;
				GCC_WARN_ABOUT_RETURN_TYPE = YES_ERROR;
				GCC_WARN_UNDECLARED_SELECTOR = YES;
				GCC_WARN_UNINITIALIZED_AUTOS = YES_AGGRESSIVE;
				GCC_WARN_UNUSED_FUNCTION = YES;
				GCC_WARN_UNUSED_VARIABLE = YES;
				IPHONEOS_DEPLOYMENT_TARGET = 18.1;
				LOCALIZATION_PREFERS_STRING_CATALOGS = YES;
				MTL_ENABLE_DEBUG_INFO = INCLUDE_SOURCE;
				MTL_FAST_MATH = YES;
				ONLY_ACTIVE_ARCH = YES;
				SDKROOT = iphoneos;
				SWIFT_ACTIVE_COMPILATION_CONDITIONS = "DEBUG $(inherited)";
				SWIFT_OPTIMIZATION_LEVEL = "-Onone";
			};
			name = Debug;
		};
		9E092E832D649883003B36C4 /* Release */ = {
			isa = XCBuildConfiguration;
			buildSettings = {
				ALWAYS_SEARCH_USER_PATHS = NO;
				ASSETCATALOG_COMPILER_GENERATE_SWIFT_ASSET_SYMBOL_EXTENSIONS = YES;
				CLANG_ANALYZER_NONNULL = YES;
				CLANG_ANALYZER_NUMBER_OBJECT_CONVERSION = YES_AGGRESSIVE;
				CLANG_CXX_LANGUAGE_STANDARD = "gnu++20";
				CLANG_ENABLE_MODULES = YES;
				CLANG_ENABLE_OBJC_ARC = YES;
				CLANG_ENABLE_OBJC_WEAK = YES;
				CLANG_WARN_BLOCK_CAPTURE_AUTORELEASING = YES;
				CLANG_WARN_BOOL_CONVERSION = YES;
				CLANG_WARN_COMMA = YES;
				CLANG_WARN_CONSTANT_CONVERSION = YES;
				CLANG_WARN_DEPRECATED_OBJC_IMPLEMENTATIONS = YES;
				CLANG_WARN_DIRECT_OBJC_ISA_USAGE = YES_ERROR;
				CLANG_WARN_DOCUMENTATION_COMMENTS = YES;
				CLANG_WARN_EMPTY_BODY = YES;
				CLANG_WARN_ENUM_CONVERSION = YES;
				CLANG_WARN_INFINITE_RECURSION = YES;
				CLANG_WARN_INT_CONVERSION = YES;
				CLANG_WARN_NON_LITERAL_NULL_CONVERSION = YES;
				CLANG_WARN_OBJC_IMPLICIT_RETAIN_SELF = YES;
				CLANG_WARN_OBJC_LITERAL_CONVERSION = YES;
				CLANG_WARN_OBJC_ROOT_CLASS = YES_ERROR;
				CLANG_WARN_QUOTED_INCLUDE_IN_FRAMEWORK_HEADER = YES;
				CLANG_WARN_RANGE_LOOP_ANALYSIS = YES;
				CLANG_WARN_STRICT_PROTOTYPES = YES;
				CLANG_WARN_SUSPICIOUS_MOVE = YES;
				CLANG_WARN_UNGUARDED_AVAILABILITY = YES_AGGRESSIVE;
				CLANG_WARN_UNREACHABLE_CODE = YES;
				CLANG_WARN__DUPLICATE_METHOD_MATCH = YES;
				COPY_PHASE_STRIP = NO;
				DEBUG_INFORMATION_FORMAT = "dwarf-with-dsym";
				ENABLE_NS_ASSERTIONS = NO;
				ENABLE_STRICT_OBJC_MSGSEND = YES;
				ENABLE_USER_SCRIPT_SANDBOXING = YES;
				GCC_C_LANGUAGE_STANDARD = gnu17;
				GCC_NO_COMMON_BLOCKS = YES;
				GCC_WARN_64_TO_32_BIT_CONVERSION = YES;
				GCC_WARN_ABOUT_RETURN_TYPE = YES_ERROR;
				GCC_WARN_UNDECLARED_SELECTOR = YES;
				GCC_WARN_UNINITIALIZED_AUTOS = YES_AGGRESSIVE;
				GCC_WARN_UNUSED_FUNCTION = YES;
				GCC_WARN_UNUSED_VARIABLE = YES;
				IPHONEOS_DEPLOYMENT_TARGET = 18.1;
				LOCALIZATION_PREFERS_STRING_CATALOGS = YES;
				MTL_ENABLE_DEBUG_INFO = NO;
				MTL_FAST_MATH = YES;
				SDKROOT = iphoneos;
				SWIFT_COMPILATION_MODE = wholemodule;
				VALIDATE_PRODUCT = YES;
			};
			name = Release;
		};
/* End XCBuildConfiguration section */

/* Begin XCConfigurationList section */
		9E092E672D649880003B36C4 /* Build configuration list for PBXProject "RxPractice" */ = {
			isa = XCConfigurationList;
			buildConfigurations = (
				9E092E822D649883003B36C4 /* Debug */,
				9E092E832D649883003B36C4 /* Release */,
			);
			defaultConfigurationIsVisible = 0;
			defaultConfigurationName = Release;
		};
		9E092E7F2D649883003B36C4 /* Build configuration list for PBXNativeTarget "RxPractice" */ = {
			isa = XCConfigurationList;
			buildConfigurations = (
				9E092E802D649883003B36C4 /* Debug */,
				9E092E812D649883003B36C4 /* Release */,
			);
			defaultConfigurationIsVisible = 0;
			defaultConfigurationName = Release;
		};
/* End XCConfigurationList section */

/* Begin XCRemoteSwiftPackageReference section */
		9E092E952D6498F4003B36C4 /* XCRemoteSwiftPackageReference "RxSwift" */ = {
			isa = XCRemoteSwiftPackageReference;
			repositoryURL = "https://github.com/ReactiveX/RxSwift.git";
			requirement = {
				kind = upToNextMajorVersion;
				minimumVersion = 6.9.0;
			};
		};
		9E092E9A2D649902003B36C4 /* XCRemoteSwiftPackageReference "SnapKit" */ = {
			isa = XCRemoteSwiftPackageReference;
			repositoryURL = "https://github.com/SnapKit/SnapKit.git";
			requirement = {
				kind = upToNextMajorVersion;
				minimumVersion = 5.7.1;
			};
		};
		9E092E9D2D64990D003B36C4 /* XCRemoteSwiftPackageReference "Then" */ = {
			isa = XCRemoteSwiftPackageReference;
			repositoryURL = "https://github.com/devxoul/Then.git";
			requirement = {
				kind = upToNextMajorVersion;
				minimumVersion = 3.0.0;
			};
		};
		9E7FC1302D76DB5E00CEF423 /* XCRemoteSwiftPackageReference "realm-swift" */ = {
			isa = XCRemoteSwiftPackageReference;
			repositoryURL = "https://github.com/realm/realm-swift.git";
			requirement = {
				kind = exactVersion;
				version = 20.0.1;
			};
		};
		9EA269B52D65E8F900029A14 /* XCRemoteSwiftPackageReference "Kingfisher" */ = {
			isa = XCRemoteSwiftPackageReference;
			repositoryURL = "https://github.com/onevcat/Kingfisher.git";
			requirement = {
				kind = upToNextMajorVersion;
				minimumVersion = 8.2.0;
			};
		};
		9EA26ACF2D6DC89900029A14 /* XCRemoteSwiftPackageReference "Alamofire" */ = {
			isa = XCRemoteSwiftPackageReference;
			repositoryURL = "https://github.com/Alamofire/Alamofire.git";
			requirement = {
				kind = upToNextMajorVersion;
				minimumVersion = 5.10.2;
			};
		};
		9EA26AD22D6DC8B400029A14 /* XCRemoteSwiftPackageReference "RxDataSources" */ = {
			isa = XCRemoteSwiftPackageReference;
			repositoryURL = "https://github.com/RxSwiftCommunity/RxDataSources.git";
			requirement = {
				kind = upToNextMajorVersion;
				minimumVersion = 5.0.2;
			};
		};
/* End XCRemoteSwiftPackageReference section */

/* Begin XCSwiftPackageProductDependency section */
		9E092E962D6498F4003B36C4 /* RxCocoa */ = {
			isa = XCSwiftPackageProductDependency;
			package = 9E092E952D6498F4003B36C4 /* XCRemoteSwiftPackageReference "RxSwift" */;
			productName = RxCocoa;
		};
		9E092E982D6498F4003B36C4 /* RxSwift */ = {
			isa = XCSwiftPackageProductDependency;
			package = 9E092E952D6498F4003B36C4 /* XCRemoteSwiftPackageReference "RxSwift" */;
			productName = RxSwift;
		};
		9E092E9B2D649902003B36C4 /* SnapKit */ = {
			isa = XCSwiftPackageProductDependency;
			package = 9E092E9A2D649902003B36C4 /* XCRemoteSwiftPackageReference "SnapKit" */;
			productName = SnapKit;
		};
		9E092E9E2D64990D003B36C4 /* Then */ = {
			isa = XCSwiftPackageProductDependency;
			package = 9E092E9D2D64990D003B36C4 /* XCRemoteSwiftPackageReference "Then" */;
			productName = Then;
		};
		9E7FC1312D76DB5E00CEF423 /* RealmSwift */ = {
			isa = XCSwiftPackageProductDependency;
			package = 9E7FC1302D76DB5E00CEF423 /* XCRemoteSwiftPackageReference "realm-swift" */;
			productName = RealmSwift;
		};
		9EA269B62D65E8F900029A14 /* Kingfisher */ = {
			isa = XCSwiftPackageProductDependency;
			package = 9EA269B52D65E8F900029A14 /* XCRemoteSwiftPackageReference "Kingfisher" */;
			productName = Kingfisher;
		};
		9EA26AD02D6DC89900029A14 /* Alamofire */ = {
			isa = XCSwiftPackageProductDependency;
			package = 9EA26ACF2D6DC89900029A14 /* XCRemoteSwiftPackageReference "Alamofire" */;
			productName = Alamofire;
		};
		9EA26AD32D6DC8B400029A14 /* Differentiator */ = {
			isa = XCSwiftPackageProductDependency;
			package = 9EA26AD22D6DC8B400029A14 /* XCRemoteSwiftPackageReference "RxDataSources" */;
			productName = Differentiator;
		};
		9EA26AD52D6DC8B400029A14 /* RxDataSources */ = {
			isa = XCSwiftPackageProductDependency;
			package = 9EA26AD22D6DC8B400029A14 /* XCRemoteSwiftPackageReference "RxDataSources" */;
			productName = RxDataSources;
		};
/* End XCSwiftPackageProductDependency section */
	};
	rootObject = 9E092E642D649880003B36C4 /* Project object */;
}
