// !$*UTF8*$!
{
	archiveVersion = 1;
	classes = {
	};
	objectVersion = 77;
	objects = {

/* Begin PBXBuildFile section */
		9E03BD112DAD18EA0097AA7E /* 공포의369.swift in Sources */ = {isa = PBXBuildFile; fileRef = 9E03BD102DAD18EA0097AA7E /* 공포의369.swift */; };
		9E03BD132DAD18F20097AA7E /* 단어마법사.swift in Sources */ = {isa = PBXBuildFile; fileRef = 9E03BD122DAD18F20097AA7E /* 단어마법사.swift */; };
		9E03BD152DAD18F70097AA7E /* 마지막해독제.swift in Sources */ = {isa = PBXBuildFile; fileRef = 9E03BD142DAD18F70097AA7E /* 마지막해독제.swift */; };
		9E03BD172DAD18FD0097AA7E /* 숫자챌린지.swift in Sources */ = {isa = PBXBuildFile; fileRef = 9E03BD162DAD18FD0097AA7E /* 숫자챌린지.swift */; };
		9E03BD192DAD19030097AA7E /* 암호화된공포.swift in Sources */ = {isa = PBXBuildFile; fileRef = 9E03BD182DAD19030097AA7E /* 암호화된공포.swift */; };
		9E03BD1B2DAD19080097AA7E /* 책페이지.swift in Sources */ = {isa = PBXBuildFile; fileRef = 9E03BD1A2DAD19080097AA7E /* 책페이지.swift */; };
		9E03BD1D2DAD190C0097AA7E /* 해커의수열퍼즐.swift in Sources */ = {isa = PBXBuildFile; fileRef = 9E03BD1C2DAD190C0097AA7E /* 해커의수열퍼즐.swift */; };
		9E03BD1F2DAD19110097AA7E /* 행복한수.swift in Sources */ = {isa = PBXBuildFile; fileRef = 9E03BD1E2DAD19110097AA7E /* 행복한수.swift */; };
		9E6F7CD42D96B8CA009F24FC /* main.swift in Sources */ = {isa = PBXBuildFile; fileRef = 9E6F7CD22D96B8CA009F24FC /* main.swift */; };
		9E6F7CD62D96B8F9009F24FC /* BOJ3273.swift in Sources */ = {isa = PBXBuildFile; fileRef = 9E6F7CD52D96B8F9009F24FC /* BOJ3273.swift */; };
		9E6F7CD82D96BA68009F24FC /* BOJ10808.swift in Sources */ = {isa = PBXBuildFile; fileRef = 9E6F7CD72D96BA68009F24FC /* BOJ10808.swift */; };
		9E6F7CDA2D96BBA5009F24FC /* BOJ10807.swift in Sources */ = {isa = PBXBuildFile; fileRef = 9E6F7CD92D96BBA5009F24FC /* BOJ10807.swift */; };
		9E6F7CDC2D96BF61009F24FC /* BOJ1158.swift in Sources */ = {isa = PBXBuildFile; fileRef = 9E6F7CDB2D96BF61009F24FC /* BOJ1158.swift */; };
		9E6F7CDE2D96BF67009F24FC /* BOJ1406.swift in Sources */ = {isa = PBXBuildFile; fileRef = 9E6F7CDD2D96BF67009F24FC /* BOJ1406.swift */; };
		9E6F7E652D9B743B009F24FC /* BOJ_1267.swift in Sources */ = {isa = PBXBuildFile; fileRef = 9E6F7E642D9B743B009F24FC /* BOJ_1267.swift */; };
		9E7F12632DA3A01100693A4E /* BOJ_2309.swift in Sources */ = {isa = PBXBuildFile; fileRef = 9E7F12622DA3A01100693A4E /* BOJ_2309.swift */; };
		9E7F12652DA3A6D600693A4E /* BOJ_10804.swift in Sources */ = {isa = PBXBuildFile; fileRef = 9E7F12642DA3A6D600693A4E /* BOJ_10804.swift */; };
		9E7F12672DA3AB8400693A4E /* BOJ_1919.swift in Sources */ = {isa = PBXBuildFile; fileRef = 9E7F12662DA3AB8400693A4E /* BOJ_1919.swift */; };
		9E7F12752DA3E84D00693A4E /* BOJ_2493.swift in Sources */ = {isa = PBXBuildFile; fileRef = 9E7F12742DA3E84D00693A4E /* BOJ_2493.swift */; };
		9E7F12772DA3E98D00693A4E /* BOJ_6198.swift in Sources */ = {isa = PBXBuildFile; fileRef = 9E7F12762DA3E98D00693A4E /* BOJ_6198.swift */; };
/* End PBXBuildFile section */

/* Begin PBXCopyFilesBuildPhase section */
		9EA977F12D891B64008B3AFE /* CopyFiles */ = {
			isa = PBXCopyFilesBuildPhase;
			buildActionMask = 2147483647;
			dstPath = /usr/share/man/man1/;
			dstSubfolderSpec = 0;
			files = (
			);
			runOnlyForDeploymentPostprocessing = 1;
		};
/* End PBXCopyFilesBuildPhase section */

/* Begin PBXFileReference section */
		9E03BD102DAD18EA0097AA7E /* 공포의369.swift */ = {isa = PBXFileReference; lastKnownFileType = sourcecode.swift; path = "공포의369.swift"; sourceTree = "<group>"; };
		9E03BD122DAD18F20097AA7E /* 단어마법사.swift */ = {isa = PBXFileReference; lastKnownFileType = sourcecode.swift; path = "단어마법사.swift"; sourceTree = "<group>"; };
		9E03BD142DAD18F70097AA7E /* 마지막해독제.swift */ = {isa = PBXFileReference; lastKnownFileType = sourcecode.swift; path = "마지막해독제.swift"; sourceTree = "<group>"; };
		9E03BD162DAD18FD0097AA7E /* 숫자챌린지.swift */ = {isa = PBXFileReference; lastKnownFileType = sourcecode.swift; path = "숫자챌린지.swift"; sourceTree = "<group>"; };
		9E03BD182DAD19030097AA7E /* 암호화된공포.swift */ = {isa = PBXFileReference; lastKnownFileType = sourcecode.swift; path = "암호화된공포.swift"; sourceTree = "<group>"; };
		9E03BD1A2DAD19080097AA7E /* 책페이지.swift */ = {isa = PBXFileReference; lastKnownFileType = sourcecode.swift; path = "책페이지.swift"; sourceTree = "<group>"; };
		9E03BD1C2DAD190C0097AA7E /* 해커의수열퍼즐.swift */ = {isa = PBXFileReference; lastKnownFileType = sourcecode.swift; path = "해커의수열퍼즐.swift"; sourceTree = "<group>"; };
		9E03BD1E2DAD19110097AA7E /* 행복한수.swift */ = {isa = PBXFileReference; lastKnownFileType = sourcecode.swift; path = "행복한수.swift"; sourceTree = "<group>"; };
		9E6F7CD22D96B8CA009F24FC /* main.swift */ = {isa = PBXFileReference; lastKnownFileType = sourcecode.swift; path = main.swift; sourceTree = "<group>"; };
		9E6F7CD52D96B8F9009F24FC /* BOJ3273.swift */ = {isa = PBXFileReference; lastKnownFileType = sourcecode.swift; path = BOJ3273.swift; sourceTree = "<group>"; };
		9E6F7CD72D96BA68009F24FC /* BOJ10808.swift */ = {isa = PBXFileReference; lastKnownFileType = sourcecode.swift; path = BOJ10808.swift; sourceTree = "<group>"; };
		9E6F7CD92D96BBA5009F24FC /* BOJ10807.swift */ = {isa = PBXFileReference; lastKnownFileType = sourcecode.swift; path = BOJ10807.swift; sourceTree = "<group>"; };
		9E6F7CDB2D96BF61009F24FC /* BOJ1158.swift */ = {isa = PBXFileReference; lastKnownFileType = sourcecode.swift; path = BOJ1158.swift; sourceTree = "<group>"; };
		9E6F7CDD2D96BF67009F24FC /* BOJ1406.swift */ = {isa = PBXFileReference; lastKnownFileType = sourcecode.swift; path = BOJ1406.swift; sourceTree = "<group>"; };
		9E6F7E642D9B743B009F24FC /* BOJ_1267.swift */ = {isa = PBXFileReference; lastKnownFileType = sourcecode.swift; path = BOJ_1267.swift; sourceTree = "<group>"; };
		9E7F12622DA3A01100693A4E /* BOJ_2309.swift */ = {isa = PBXFileReference; lastKnownFileType = sourcecode.swift; path = BOJ_2309.swift; sourceTree = "<group>"; };
		9E7F12642DA3A6D600693A4E /* BOJ_10804.swift */ = {isa = PBXFileReference; lastKnownFileType = sourcecode.swift; path = BOJ_10804.swift; sourceTree = "<group>"; };
		9E7F12662DA3AB8400693A4E /* BOJ_1919.swift */ = {isa = PBXFileReference; lastKnownFileType = sourcecode.swift; path = BOJ_1919.swift; sourceTree = "<group>"; };
		9E7F12742DA3E84D00693A4E /* BOJ_2493.swift */ = {isa = PBXFileReference; lastKnownFileType = sourcecode.swift; path = BOJ_2493.swift; sourceTree = "<group>"; };
		9E7F12762DA3E98D00693A4E /* BOJ_6198.swift */ = {isa = PBXFileReference; lastKnownFileType = sourcecode.swift; path = BOJ_6198.swift; sourceTree = "<group>"; };
		9EA977F32D891B64008B3AFE /* preview */ = {isa = PBXFileReference; explicitFileType = "compiled.mach-o.executable"; includeInIndex = 0; path = preview; sourceTree = BUILT_PRODUCTS_DIR; };
/* End PBXFileReference section */

/* Begin PBXFrameworksBuildPhase section */
		9EA977F02D891B64008B3AFE /* Frameworks */ = {
			isa = PBXFrameworksBuildPhase;
			buildActionMask = 2147483647;
			files = (
			);
			runOnlyForDeploymentPostprocessing = 0;
		};
/* End PBXFrameworksBuildPhase section */

/* Begin PBXGroup section */
		9E03BD0F2DAD18D70097AA7E /* Hackerton */ = {
			isa = PBXGroup;
			children = (
				9E03BD102DAD18EA0097AA7E /* 공포의369.swift */,
				9E03BD1C2DAD190C0097AA7E /* 해커의수열퍼즐.swift */,
				9E03BD122DAD18F20097AA7E /* 단어마법사.swift */,
				9E03BD142DAD18F70097AA7E /* 마지막해독제.swift */,
				9E03BD162DAD18FD0097AA7E /* 숫자챌린지.swift */,
				9E03BD182DAD19030097AA7E /* 암호화된공포.swift */,
				9E03BD1A2DAD19080097AA7E /* 책페이지.swift */,
				9E03BD1E2DAD19110097AA7E /* 행복한수.swift */,
			);
			path = Hackerton;
			sourceTree = "<group>";
		};
		9E6F7CD12D96B8AE009F24FC /* List Task */ = {
			isa = PBXGroup;
			children = (
				9E6F7CD52D96B8F9009F24FC /* BOJ3273.swift */,
				9E6F7CD72D96BA68009F24FC /* BOJ10808.swift */,
				9E6F7CD92D96BBA5009F24FC /* BOJ10807.swift */,
				9E6F7CDD2D96BF67009F24FC /* BOJ1406.swift */,
				9E6F7CDB2D96BF61009F24FC /* BOJ1158.swift */,
			);
			path = "List Task";
			sourceTree = "<group>";
		};
		9E6F7CD32D96B8CA009F24FC /* preview */ = {
			isa = PBXGroup;
			children = (
				9E6F7CD22D96B8CA009F24FC /* main.swift */,
			);
			path = preview;
			sourceTree = "<group>";
		};
		9E6F7E632D9B7413009F24FC /* Stack Task */ = {
			isa = PBXGroup;
			children = (
				9E6F7E642D9B743B009F24FC /* BOJ_1267.swift */,
			);
			path = "Stack Task";
			sourceTree = "<group>";
		};
		9E7F12612DA39FFD00693A4E /* Queue Task */ = {
			isa = PBXGroup;
			children = (
				9E7F12622DA3A01100693A4E /* BOJ_2309.swift */,
				9E7F12642DA3A6D600693A4E /* BOJ_10804.swift */,
				9E7F12662DA3AB8400693A4E /* BOJ_1919.swift */,
				9E7F12742DA3E84D00693A4E /* BOJ_2493.swift */,
				9E7F12762DA3E98D00693A4E /* BOJ_6198.swift */,
			);
			path = "Queue Task";
			sourceTree = "<group>";
		};
		9EA977EA2D891B64008B3AFE = {
			isa = PBXGroup;
			children = (
				9E6F7CD32D96B8CA009F24FC /* preview */,
				9E6F7CD12D96B8AE009F24FC /* List Task */,
				9E6F7E632D9B7413009F24FC /* Stack Task */,
				9E7F12612DA39FFD00693A4E /* Queue Task */,
				9E03BD0F2DAD18D70097AA7E /* Hackerton */,
				9EA977F42D891B64008B3AFE /* Products */,
			);
			sourceTree = "<group>";
		};
		9EA977F42D891B64008B3AFE /* Products */ = {
			isa = PBXGroup;
			children = (
				9EA977F32D891B64008B3AFE /* preview */,
			);
			name = Products;
			sourceTree = "<group>";
		};
/* End PBXGroup section */

/* Begin PBXNativeTarget section */
		9EA977F22D891B64008B3AFE /* preview */ = {
			isa = PBXNativeTarget;
			buildConfigurationList = 9EA977FA2D891B64008B3AFE /* Build configuration list for PBXNativeTarget "preview" */;
			buildPhases = (
				9EA977EF2D891B64008B3AFE /* Sources */,
				9EA977F02D891B64008B3AFE /* Frameworks */,
				9EA977F12D891B64008B3AFE /* CopyFiles */,
			);
			buildRules = (
			);
			dependencies = (
			);
			name = preview;
			packageProductDependencies = (
			);
			productName = preview;
			productReference = 9EA977F32D891B64008B3AFE /* preview */;
			productType = "com.apple.product-type.tool";
		};
/* End PBXNativeTarget section */

/* Begin PBXProject section */
		9EA977EB2D891B64008B3AFE /* Project object */ = {
			isa = PBXProject;
			attributes = {
				BuildIndependentTargetsInParallel = 1;
				LastSwiftUpdateCheck = 1610;
				LastUpgradeCheck = 1610;
				TargetAttributes = {
					9EA977F22D891B64008B3AFE = {
						CreatedOnToolsVersion = 16.1;
					};
				};
			};
			buildConfigurationList = 9EA977EE2D891B64008B3AFE /* Build configuration list for PBXProject "preview" */;
			developmentRegion = en;
			hasScannedForEncodings = 0;
			knownRegions = (
				en,
				Base,
			);
			mainGroup = 9EA977EA2D891B64008B3AFE;
			minimizedProjectReferenceProxies = 1;
			preferredProjectObjectVersion = 77;
			productRefGroup = 9EA977F42D891B64008B3AFE /* Products */;
			projectDirPath = "";
			projectRoot = "";
			targets = (
				9EA977F22D891B64008B3AFE /* preview */,
			);
		};
/* End PBXProject section */

/* Begin PBXSourcesBuildPhase section */
		9EA977EF2D891B64008B3AFE /* Sources */ = {
			isa = PBXSourcesBuildPhase;
			buildActionMask = 2147483647;
			files = (
				9E6F7CD62D96B8F9009F24FC /* BOJ3273.swift in Sources */,
				9E03BD192DAD19030097AA7E /* 암호화된공포.swift in Sources */,
				9E03BD172DAD18FD0097AA7E /* 숫자챌린지.swift in Sources */,
				9E7F12632DA3A01100693A4E /* BOJ_2309.swift in Sources */,
				9E6F7CD82D96BA68009F24FC /* BOJ10808.swift in Sources */,
				9E03BD132DAD18F20097AA7E /* 단어마법사.swift in Sources */,
				9E6F7CD42D96B8CA009F24FC /* main.swift in Sources */,
				9E6F7E652D9B743B009F24FC /* BOJ_1267.swift in Sources */,
				9E03BD112DAD18EA0097AA7E /* 공포의369.swift in Sources */,
				9E03BD1F2DAD19110097AA7E /* 행복한수.swift in Sources */,
				9E03BD1D2DAD190C0097AA7E /* 해커의수열퍼즐.swift in Sources */,
				9E03BD152DAD18F70097AA7E /* 마지막해독제.swift in Sources */,
				9E7F12752DA3E84D00693A4E /* BOJ_2493.swift in Sources */,
				9E6F7CDC2D96BF61009F24FC /* BOJ1158.swift in Sources */,
				9E7F12772DA3E98D00693A4E /* BOJ_6198.swift in Sources */,
				9E6F7CDA2D96BBA5009F24FC /* BOJ10807.swift in Sources */,
				9E7F12672DA3AB8400693A4E /* BOJ_1919.swift in Sources */,
				9E7F12652DA3A6D600693A4E /* BOJ_10804.swift in Sources */,
				9E03BD1B2DAD19080097AA7E /* 책페이지.swift in Sources */,
				9E6F7CDE2D96BF67009F24FC /* BOJ1406.swift in Sources */,
			);
			runOnlyForDeploymentPostprocessing = 0;
		};
/* End PBXSourcesBuildPhase section */

/* Begin XCBuildConfiguration section */
		9EA977F82D891B64008B3AFE /* Debug */ = {
			isa = XCBuildConfiguration;
			buildSettings = {
				ALWAYS_SEARCH_USER_PATHS = NO;
				ASSETCATALOG_COMPILER_GENERATE_SWIFT_ASSET_SYMBOL_EXTENSIONS = YES;
				CLANG_ANALYZER_NONNULL = YES;
				CLANG_ANALYZER_NUMBER_OBJECT_CONVERSION = YES_AGGRESSIVE;
				CLANG_CXX_LANGUAGE_STANDARD = "gnu++20";
				CLANG_ENABLE_MODULES = YES;
				CLANG_ENABLE_OBJC_ARC = YES;
				CLANG_ENABLE_OBJC_WEAK = YES;
				CLANG_WARN_BLOCK_CAPTURE_AUTORELEASING = YES;
				CLANG_WARN_BOOL_CONVERSION = YES;
				CLANG_WARN_COMMA = YES;
				CLANG_WARN_CONSTANT_CONVERSION = YES;
				CLANG_WARN_DEPRECATED_OBJC_IMPLEMENTATIONS = YES;
				CLANG_WARN_DIRECT_OBJC_ISA_USAGE = YES_ERROR;
				CLANG_WARN_DOCUMENTATION_COMMENTS = YES;
				CLANG_WARN_EMPTY_BODY = YES;
				CLANG_WARN_ENUM_CONVERSION = YES;
				CLANG_WARN_INFINITE_RECURSION = YES;
				CLANG_WARN_INT_CONVERSION = YES;
				CLANG_WARN_NON_LITERAL_NULL_CONVERSION = YES;
				CLANG_WARN_OBJC_IMPLICIT_RETAIN_SELF = YES;
				CLANG_WARN_OBJC_LITERAL_CONVERSION = YES;
				CLANG_WARN_OBJC_ROOT_CLASS = YES_ERROR;
				CLANG_WARN_QUOTED_INCLUDE_IN_FRAMEWORK_HEADER = YES;
				CLANG_WARN_RANGE_LOOP_ANALYSIS = YES;
				CLANG_WARN_STRICT_PROTOTYPES = YES;
				CLANG_WARN_SUSPICIOUS_MOVE = YES;
				CLANG_WARN_UNGUARDED_AVAILABILITY = YES_AGGRESSIVE;
				CLANG_WARN_UNREACHABLE_CODE = YES;
				CLANG_WARN__DUPLICATE_METHOD_MATCH = YES;
				COPY_PHASE_STRIP = NO;
				DEBUG_INFORMATION_FORMAT = dwarf;
				ENABLE_STRICT_OBJC_MSGSEND = YES;
				ENABLE_TESTABILITY = YES;
				ENABLE_USER_SCRIPT_SANDBOXING = YES;
				GCC_C_LANGUAGE_STANDARD = gnu17;
				GCC_DYNAMIC_NO_PIC = NO;
				GCC_NO_COMMON_BLOCKS = YES;
				GCC_OPTIMIZATION_LEVEL = 0;
				GCC_PREPROCESSOR_DEFINITIONS = (
					"DEBUG=1",
					"$(inherited)",
				);
				GCC_WARN_64_TO_32_BIT_CONVERSION = YES;
				GCC_WARN_ABOUT_RETURN_TYPE = YES_ERROR;
				GCC_WARN_UNDECLARED_SELECTOR = YES;
				GCC_WARN_UNINITIALIZED_AUTOS = YES_AGGRESSIVE;
				GCC_WARN_UNUSED_FUNCTION = YES;
				GCC_WARN_UNUSED_VARIABLE = YES;
				LOCALIZATION_PREFERS_STRING_CATALOGS = YES;
				MACOSX_DEPLOYMENT_TARGET = 15.1;
				MTL_ENABLE_DEBUG_INFO = INCLUDE_SOURCE;
				MTL_FAST_MATH = YES;
				ONLY_ACTIVE_ARCH = YES;
				SDKROOT = macosx;
				SWIFT_ACTIVE_COMPILATION_CONDITIONS = "DEBUG $(inherited)";
				SWIFT_OPTIMIZATION_LEVEL = "-Onone";
			};
			name = Debug;
		};
		9EA977F92D891B64008B3AFE /* Release */ = {
			isa = XCBuildConfiguration;
			buildSettings = {
				ALWAYS_SEARCH_USER_PATHS = NO;
				ASSETCATALOG_COMPILER_GENERATE_SWIFT_ASSET_SYMBOL_EXTENSIONS = YES;
				CLANG_ANALYZER_NONNULL = YES;
				CLANG_ANALYZER_NUMBER_OBJECT_CONVERSION = YES_AGGRESSIVE;
				CLANG_CXX_LANGUAGE_STANDARD = "gnu++20";
				CLANG_ENABLE_MODULES = YES;
				CLANG_ENABLE_OBJC_ARC = YES;
				CLANG_ENABLE_OBJC_WEAK = YES;
				CLANG_WARN_BLOCK_CAPTURE_AUTORELEASING = YES;
				CLANG_WARN_BOOL_CONVERSION = YES;
				CLANG_WARN_COMMA = YES;
				CLANG_WARN_CONSTANT_CONVERSION = YES;
				CLANG_WARN_DEPRECATED_OBJC_IMPLEMENTATIONS = YES;
				CLANG_WARN_DIRECT_OBJC_ISA_USAGE = YES_ERROR;
				CLANG_WARN_DOCUMENTATION_COMMENTS = YES;
				CLANG_WARN_EMPTY_BODY = YES;
				CLANG_WARN_ENUM_CONVERSION = YES;
				CLANG_WARN_INFINITE_RECURSION = YES;
				CLANG_WARN_INT_CONVERSION = YES;
				CLANG_WARN_NON_LITERAL_NULL_CONVERSION = YES;
				CLANG_WARN_OBJC_IMPLICIT_RETAIN_SELF = YES;
				CLANG_WARN_OBJC_LITERAL_CONVERSION = YES;
				CLANG_WARN_OBJC_ROOT_CLASS = YES_ERROR;
				CLANG_WARN_QUOTED_INCLUDE_IN_FRAMEWORK_HEADER = YES;
				CLANG_WARN_RANGE_LOOP_ANALYSIS = YES;
				CLANG_WARN_STRICT_PROTOTYPES = YES;
				CLANG_WARN_SUSPICIOUS_MOVE = YES;
				CLANG_WARN_UNGUARDED_AVAILABILITY = YES_AGGRESSIVE;
				CLANG_WARN_UNREACHABLE_CODE = YES;
				CLANG_WARN__DUPLICATE_METHOD_MATCH = YES;
				COPY_PHASE_STRIP = NO;
				DEBUG_INFORMATION_FORMAT = "dwarf-with-dsym";
				ENABLE_NS_ASSERTIONS = NO;
				ENABLE_STRICT_OBJC_MSGSEND = YES;
				ENABLE_USER_SCRIPT_SANDBOXING = YES;
				GCC_C_LANGUAGE_STANDARD = gnu17;
				GCC_NO_COMMON_BLOCKS = YES;
				GCC_WARN_64_TO_32_BIT_CONVERSION = YES;
				GCC_WARN_ABOUT_RETURN_TYPE = YES_ERROR;
				GCC_WARN_UNDECLARED_SELECTOR = YES;
				GCC_WARN_UNINITIALIZED_AUTOS = YES_AGGRESSIVE;
				GCC_WARN_UNUSED_FUNCTION = YES;
				GCC_WARN_UNUSED_VARIABLE = YES;
				LOCALIZATION_PREFERS_STRING_CATALOGS = YES;
				MACOSX_DEPLOYMENT_TARGET = 15.1;
				MTL_ENABLE_DEBUG_INFO = NO;
				MTL_FAST_MATH = YES;
				SDKROOT = macosx;
				SWIFT_COMPILATION_MODE = wholemodule;
			};
			name = Release;
		};
		9EA977FB2D891B64008B3AFE /* Debug */ = {
			isa = XCBuildConfiguration;
			buildSettings = {
				CODE_SIGN_STYLE = Automatic;
				DEVELOPMENT_TEAM = A95XXD5WT7;
				ENABLE_HARDENED_RUNTIME = YES;
				PRODUCT_NAME = "$(TARGET_NAME)";
				SWIFT_VERSION = 5.0;
			};
			name = Debug;
		};
		9EA977FC2D891B64008B3AFE /* Release */ = {
			isa = XCBuildConfiguration;
			buildSettings = {
				CODE_SIGN_STYLE = Automatic;
				DEVELOPMENT_TEAM = A95XXD5WT7;
				ENABLE_HARDENED_RUNTIME = YES;
				PRODUCT_NAME = "$(TARGET_NAME)";
				SWIFT_VERSION = 5.0;
			};
			name = Release;
		};
/* End XCBuildConfiguration section */

/* Begin XCConfigurationList section */
		9EA977EE2D891B64008B3AFE /* Build configuration list for PBXProject "preview" */ = {
			isa = XCConfigurationList;
			buildConfigurations = (
				9EA977F82D891B64008B3AFE /* Debug */,
				9EA977F92D891B64008B3AFE /* Release */,
			);
			defaultConfigurationIsVisible = 0;
			defaultConfigurationName = Release;
		};
		9EA977FA2D891B64008B3AFE /* Build configuration list for PBXNativeTarget "preview" */ = {
			isa = XCConfigurationList;
			buildConfigurations = (
				9EA977FB2D891B64008B3AFE /* Debug */,
				9EA977FC2D891B64008B3AFE /* Release */,
			);
			defaultConfigurationIsVisible = 0;
			defaultConfigurationName = Release;
		};
/* End XCConfigurationList section */
	};
	rootObject = 9EA977EB2D891B64008B3AFE /* Project object */;
}
