// !$*UTF8*$!
{
	archiveVersion = 1;
	classes = {
	};
	objectVersion = 77;
	objects = {

/* Begin PBXBuildFile section */
		9E1EFD452DBB4ED60021DE73 /* AppStoreCloneApp.swift in Sources */ = {isa = PBXBuildFile; fileRef = 9E1EFD412DBB4ED60021DE73 /* AppStoreCloneApp.swift */; };
		9E1EFD462DBB4ED60021DE73 /* ContentView.swift in Sources */ = {isa = PBXBuildFile; fileRef = 9E1EFD432DBB4ED60021DE73 /* ContentView.swift */; };
		9E1EFD472DBB4ED60021DE73 /* Preview Assets.xcassets in Resources */ = {isa = PBXBuildFile; fileRef = 9E1EFD3F2DBB4ED60021DE73 /* Preview Assets.xcassets */; };
		9E1EFD482DBB4ED60021DE73 /* Assets.xcassets in Resources */ = {isa = PBXBuildFile; fileRef = 9E1EFD422DBB4ED60021DE73 /* Assets.xcassets */; };
		9E1EFD512DBB4F9E0021DE73 /* ImageLiterals.swift in Sources */ = {isa = PBXBuildFile; fileRef = 9E1EFD502DBB4F9E0021DE73 /* ImageLiterals.swift */; };
		9E1EFD562DBB50A40021DE73 /* AppInfo.swift in Sources */ = {isa = PBXBuildFile; fileRef = 9E1EFD552DBB50A40021DE73 /* AppInfo.swift */; };
		9E1EFD592DBB510B0021DE73 /* AppArchiveComponents.swift in Sources */ = {isa = PBXBuildFile; fileRef = 9E1EFD582DBB510B0021DE73 /* AppArchiveComponents.swift */; };
		9E1EFD5B2DBB52C30021DE73 /* AppArchiveView.swift in Sources */ = {isa = PBXBuildFile; fileRef = 9E1EFD5A2DBB52C30021DE73 /* AppArchiveView.swift */; };
		9E1EFD5E2DBB5F590021DE73 /* AppDetailView.swift in Sources */ = {isa = PBXBuildFile; fileRef = 9E1EFD5D2DBB5F590021DE73 /* AppDetailView.swift */; };
		9E1EFD602DBB699B0021DE73 /* AppDetailComponents.swift in Sources */ = {isa = PBXBuildFile; fileRef = 9E1EFD5F2DBB699B0021DE73 /* AppDetailComponents.swift */; };
		9E1EFD642DBB6FED0021DE73 /* DummyLiterals.swift in Sources */ = {isa = PBXBuildFile; fileRef = 9E1EFD632DBB6FED0021DE73 /* DummyLiterals.swift */; };
		9E1EFD6C2DBB72930021DE73 /* ASCDownloadButton.swift in Sources */ = {isa = PBXBuildFile; fileRef = 9E1EFD6B2DBB72930021DE73 /* ASCDownloadButton.swift */; };
		9E1EFD6F2DBB78B50021DE73 /* SearchView.swift in Sources */ = {isa = PBXBuildFile; fileRef = 9E1EFD6E2DBB78B50021DE73 /* SearchView.swift */; };
		9E1EFD712DBB79830021DE73 /* SearchResultAppInfo.swift in Sources */ = {isa = PBXBuildFile; fileRef = 9E1EFD702DBB79830021DE73 /* SearchResultAppInfo.swift */; };
		9E1EFD732DBB89E90021DE73 /* SearchComponents.swift in Sources */ = {isa = PBXBuildFile; fileRef = 9E1EFD722DBB89E90021DE73 /* SearchComponents.swift */; };
/* End PBXBuildFile section */

/* Begin PBXFileReference section */
		9E1EFD2E2DBB4EC60021DE73 /* AppStoreClone.app */ = {isa = PBXFileReference; explicitFileType = wrapper.application; includeInIndex = 0; path = AppStoreClone.app; sourceTree = BUILT_PRODUCTS_DIR; };
		9E1EFD3F2DBB4ED60021DE73 /* Preview Assets.xcassets */ = {isa = PBXFileReference; lastKnownFileType = folder.assetcatalog; path = "Preview Assets.xcassets"; sourceTree = "<group>"; };
		9E1EFD412DBB4ED60021DE73 /* AppStoreCloneApp.swift */ = {isa = PBXFileReference; lastKnownFileType = sourcecode.swift; path = AppStoreCloneApp.swift; sourceTree = "<group>"; };
		9E1EFD422DBB4ED60021DE73 /* Assets.xcassets */ = {isa = PBXFileReference; lastKnownFileType = folder.assetcatalog; path = Assets.xcassets; sourceTree = "<group>"; };
		9E1EFD432DBB4ED60021DE73 /* ContentView.swift */ = {isa = PBXFileReference; lastKnownFileType = sourcecode.swift; path = ContentView.swift; sourceTree = "<group>"; };
		9E1EFD502DBB4F9E0021DE73 /* ImageLiterals.swift */ = {isa = PBXFileReference; lastKnownFileType = sourcecode.swift; path = ImageLiterals.swift; sourceTree = "<group>"; };
		9E1EFD552DBB50A40021DE73 /* AppInfo.swift */ = {isa = PBXFileReference; lastKnownFileType = sourcecode.swift; path = AppInfo.swift; sourceTree = "<group>"; };
		9E1EFD582DBB510B0021DE73 /* AppArchiveComponents.swift */ = {isa = PBXFileReference; lastKnownFileType = sourcecode.swift; path = AppArchiveComponents.swift; sourceTree = "<group>"; };
		9E1EFD5A2DBB52C30021DE73 /* AppArchiveView.swift */ = {isa = PBXFileReference; lastKnownFileType = sourcecode.swift; path = AppArchiveView.swift; sourceTree = "<group>"; };
		9E1EFD5D2DBB5F590021DE73 /* AppDetailView.swift */ = {isa = PBXFileReference; lastKnownFileType = sourcecode.swift; path = AppDetailView.swift; sourceTree = "<group>"; };
		9E1EFD5F2DBB699B0021DE73 /* AppDetailComponents.swift */ = {isa = PBXFileReference; lastKnownFileType = sourcecode.swift; path = AppDetailComponents.swift; sourceTree = "<group>"; };
		9E1EFD632DBB6FED0021DE73 /* DummyLiterals.swift */ = {isa = PBXFileReference; lastKnownFileType = sourcecode.swift; path = DummyLiterals.swift; sourceTree = "<group>"; };
		9E1EFD6B2DBB72930021DE73 /* ASCDownloadButton.swift */ = {isa = PBXFileReference; lastKnownFileType = sourcecode.swift; path = ASCDownloadButton.swift; sourceTree = "<group>"; };
		9E1EFD6E2DBB78B50021DE73 /* SearchView.swift */ = {isa = PBXFileReference; lastKnownFileType = sourcecode.swift; path = SearchView.swift; sourceTree = "<group>"; };
		9E1EFD702DBB79830021DE73 /* SearchResultAppInfo.swift */ = {isa = PBXFileReference; lastKnownFileType = sourcecode.swift; path = SearchResultAppInfo.swift; sourceTree = "<group>"; };
		9E1EFD722DBB89E90021DE73 /* SearchComponents.swift */ = {isa = PBXFileReference; lastKnownFileType = sourcecode.swift; path = SearchComponents.swift; sourceTree = "<group>"; };
/* End PBXFileReference section */

/* Begin PBXFrameworksBuildPhase section */
		9E1EFD2B2DBB4EC60021DE73 /* Frameworks */ = {
			isa = PBXFrameworksBuildPhase;
			buildActionMask = 2147483647;
			files = (
			);
			runOnlyForDeploymentPostprocessing = 0;
		};
/* End PBXFrameworksBuildPhase section */

/* Begin PBXGroup section */
		9E1EFD252DBB4EC60021DE73 = {
			isa = PBXGroup;
			children = (
				9E1EFD442DBB4ED60021DE73 /* AppStoreClone */,
				9E1EFD2F2DBB4EC60021DE73 /* Products */,
			);
			sourceTree = "<group>";
		};
		9E1EFD2F2DBB4EC60021DE73 /* Products */ = {
			isa = PBXGroup;
			children = (
				9E1EFD2E2DBB4EC60021DE73 /* AppStoreClone.app */,
			);
			name = Products;
			sourceTree = "<group>";
		};
		9E1EFD402DBB4ED60021DE73 /* Preview Content */ = {
			isa = PBXGroup;
			children = (
				9E1EFD3F2DBB4ED60021DE73 /* Preview Assets.xcassets */,
			);
			path = "Preview Content";
			sourceTree = "<group>";
		};
		9E1EFD442DBB4ED60021DE73 /* AppStoreClone */ = {
			isa = PBXGroup;
			children = (
				9E1EFD492DBB4ED80021DE73 /* App */,
				9E1EFD4A2DBB4F240021DE73 /* Presentation */,
				9E1EFD4B2DBB4F2D0021DE73 /* Domain */,
				9E1EFD4D2DBB4F640021DE73 /* Data */,
				9E1EFD4E2DBB4F680021DE73 /* Core */,
			);
			path = AppStoreClone;
			sourceTree = "<group>";
		};
		9E1EFD492DBB4ED80021DE73 /* App */ = {
			isa = PBXGroup;
			children = (
				9E1EFD412DBB4ED60021DE73 /* AppStoreCloneApp.swift */,
				9E1EFD402DBB4ED60021DE73 /* Preview Content */,
			);
			path = App;
			sourceTree = "<group>";
		};
		9E1EFD4A2DBB4F240021DE73 /* Presentation */ = {
			isa = PBXGroup;
			children = (
				9E1EFD6D2DBB789D0021DE73 /* Search */,
				9E1EFD6A2DBB727F0021DE73 /* UIComponent */,
				9E1EFD5C2DBB5F4E0021DE73 /* AppDetail */,
				9E1EFD572DBB50D40021DE73 /* AppArchive */,
				9E1EFD432DBB4ED60021DE73 /* ContentView.swift */,
			);
			path = Presentation;
			sourceTree = "<group>";
		};
		9E1EFD4B2DBB4F2D0021DE73 /* Domain */ = {
			isa = PBXGroup;
			children = (
				9E1EFD542DBB503F0021DE73 /* Repository */,
				9E1EFD532DBB503B0021DE73 /* UseCase */,
				9E1EFD522DBB50360021DE73 /* Entities */,
			);
			path = Domain;
			sourceTree = "<group>";
		};
		9E1EFD4D2DBB4F640021DE73 /* Data */ = {
			isa = PBXGroup;
			children = (
			);
			path = Data;
			sourceTree = "<group>";
		};
		9E1EFD4E2DBB4F680021DE73 /* Core */ = {
			isa = PBXGroup;
			children = (
				9E1EFD502DBB4F9E0021DE73 /* ImageLiterals.swift */,
				9E1EFD632DBB6FED0021DE73 /* DummyLiterals.swift */,
				9E1EFD4F2DBB4F850021DE73 /* Resource */,
			);
			path = Core;
			sourceTree = "<group>";
		};
		9E1EFD4F2DBB4F850021DE73 /* Resource */ = {
			isa = PBXGroup;
			children = (
				9E1EFD422DBB4ED60021DE73 /* Assets.xcassets */,
			);
			path = Resource;
			sourceTree = "<group>";
		};
		9E1EFD522DBB50360021DE73 /* Entities */ = {
			isa = PBXGroup;
			children = (
				9E1EFD552DBB50A40021DE73 /* AppInfo.swift */,
				9E1EFD702DBB79830021DE73 /* SearchResultAppInfo.swift */,
			);
			path = Entities;
			sourceTree = "<group>";
		};
		9E1EFD532DBB503B0021DE73 /* UseCase */ = {
			isa = PBXGroup;
			children = (
			);
			path = UseCase;
			sourceTree = "<group>";
		};
		9E1EFD542DBB503F0021DE73 /* Repository */ = {
			isa = PBXGroup;
			children = (
			);
			path = Repository;
			sourceTree = "<group>";
		};
		9E1EFD572DBB50D40021DE73 /* AppArchive */ = {
			isa = PBXGroup;
			children = (
				9E1EFD5A2DBB52C30021DE73 /* AppArchiveView.swift */,
				9E1EFD582DBB510B0021DE73 /* AppArchiveComponents.swift */,
			);
			path = AppArchive;
			sourceTree = "<group>";
		};
		9E1EFD5C2DBB5F4E0021DE73 /* AppDetail */ = {
			isa = PBXGroup;
			children = (
				9E1EFD5F2DBB699B0021DE73 /* AppDetailComponents.swift */,
				9E1EFD5D2DBB5F590021DE73 /* AppDetailView.swift */,
			);
			path = AppDetail;
			sourceTree = "<group>";
		};
		9E1EFD6A2DBB727F0021DE73 /* UIComponent */ = {
			isa = PBXGroup;
			children = (
				9E1EFD6B2DBB72930021DE73 /* ASCDownloadButton.swift */,
			);
			path = UIComponent;
			sourceTree = "<group>";
		};
		9E1EFD6D2DBB789D0021DE73 /* Search */ = {
			isa = PBXGroup;
			children = (
				9E1EFD722DBB89E90021DE73 /* SearchComponents.swift */,
				9E1EFD6E2DBB78B50021DE73 /* SearchView.swift */,
			);
			path = Search;
			sourceTree = "<group>";
		};
/* End PBXGroup section */

/* Begin PBXNativeTarget section */
		9E1EFD2D2DBB4EC60021DE73 /* AppStoreClone */ = {
			isa = PBXNativeTarget;
			buildConfigurationList = 9E1EFD3C2DBB4EC70021DE73 /* Build configuration list for PBXNativeTarget "AppStoreClone" */;
			buildPhases = (
				9E1EFD2A2DBB4EC60021DE73 /* Sources */,
				9E1EFD2B2DBB4EC60021DE73 /* Frameworks */,
				9E1EFD2C2DBB4EC60021DE73 /* Resources */,
			);
			buildRules = (
			);
			dependencies = (
			);
			name = AppStoreClone;
			packageProductDependencies = (
			);
			productName = AppStoreClone;
			productReference = 9E1EFD2E2DBB4EC60021DE73 /* AppStoreClone.app */;
			productType = "com.apple.product-type.application";
		};
/* End PBXNativeTarget section */

/* Begin PBXProject section */
		9E1EFD262DBB4EC60021DE73 /* Project object */ = {
			isa = PBXProject;
			attributes = {
				BuildIndependentTargetsInParallel = 1;
				LastSwiftUpdateCheck = 1610;
				LastUpgradeCheck = 1610;
				TargetAttributes = {
					9E1EFD2D2DBB4EC60021DE73 = {
						CreatedOnToolsVersion = 16.1;
					};
				};
			};
			buildConfigurationList = 9E1EFD292DBB4EC60021DE73 /* Build configuration list for PBXProject "AppStoreClone" */;
			developmentRegion = en;
			hasScannedForEncodings = 0;
			knownRegions = (
				en,
				Base,
			);
			mainGroup = 9E1EFD252DBB4EC60021DE73;
			minimizedProjectReferenceProxies = 1;
			preferredProjectObjectVersion = 77;
			productRefGroup = 9E1EFD2F2DBB4EC60021DE73 /* Products */;
			projectDirPath = "";
			projectRoot = "";
			targets = (
				9E1EFD2D2DBB4EC60021DE73 /* AppStoreClone */,
			);
		};
/* End PBXProject section */

/* Begin PBXResourcesBuildPhase section */
		9E1EFD2C2DBB4EC60021DE73 /* Resources */ = {
			isa = PBXResourcesBuildPhase;
			buildActionMask = 2147483647;
			files = (
				9E1EFD472DBB4ED60021DE73 /* Preview Assets.xcassets in Resources */,
				9E1EFD482DBB4ED60021DE73 /* Assets.xcassets in Resources */,
			);
			runOnlyForDeploymentPostprocessing = 0;
		};
/* End PBXResourcesBuildPhase section */

/* Begin PBXSourcesBuildPhase section */
		9E1EFD2A2DBB4EC60021DE73 /* Sources */ = {
			isa = PBXSourcesBuildPhase;
			buildActionMask = 2147483647;
			files = (
				9E1EFD562DBB50A40021DE73 /* AppInfo.swift in Sources */,
				9E1EFD5E2DBB5F590021DE73 /* AppDetailView.swift in Sources */,
				9E1EFD732DBB89E90021DE73 /* SearchComponents.swift in Sources */,
				9E1EFD592DBB510B0021DE73 /* AppArchiveComponents.swift in Sources */,
				9E1EFD642DBB6FED0021DE73 /* DummyLiterals.swift in Sources */,
				9E1EFD6C2DBB72930021DE73 /* ASCDownloadButton.swift in Sources */,
				9E1EFD452DBB4ED60021DE73 /* AppStoreCloneApp.swift in Sources */,
				9E1EFD712DBB79830021DE73 /* SearchResultAppInfo.swift in Sources */,
				9E1EFD512DBB4F9E0021DE73 /* ImageLiterals.swift in Sources */,
				9E1EFD462DBB4ED60021DE73 /* ContentView.swift in Sources */,
				9E1EFD602DBB699B0021DE73 /* AppDetailComponents.swift in Sources */,
				9E1EFD5B2DBB52C30021DE73 /* AppArchiveView.swift in Sources */,
				9E1EFD6F2DBB78B50021DE73 /* SearchView.swift in Sources */,
			);
			runOnlyForDeploymentPostprocessing = 0;
		};
/* End PBXSourcesBuildPhase section */

/* Begin XCBuildConfiguration section */
		9E1EFD3A2DBB4EC70021DE73 /* Debug */ = {
			isa = XCBuildConfiguration;
			buildSettings = {
				ALWAYS_SEARCH_USER_PATHS = NO;
				ASSETCATALOG_COMPILER_GENERATE_SWIFT_ASSET_SYMBOL_EXTENSIONS = YES;
				CLANG_ANALYZER_NONNULL = YES;
				CLANG_ANALYZER_NUMBER_OBJECT_CONVERSION = YES_AGGRESSIVE;
				CLANG_CXX_LANGUAGE_STANDARD = "gnu++20";
				CLANG_ENABLE_MODULES = YES;
				CLANG_ENABLE_OBJC_ARC = YES;
				CLANG_ENABLE_OBJC_WEAK = YES;
				CLANG_WARN_BLOCK_CAPTURE_AUTORELEASING = YES;
				CLANG_WARN_BOOL_CONVERSION = YES;
				CLANG_WARN_COMMA = YES;
				CLANG_WARN_CONSTANT_CONVERSION = YES;
				CLANG_WARN_DEPRECATED_OBJC_IMPLEMENTATIONS = YES;
				CLANG_WARN_DIRECT_OBJC_ISA_USAGE = YES_ERROR;
				CLANG_WARN_DOCUMENTATION_COMMENTS = YES;
				CLANG_WARN_EMPTY_BODY = YES;
				CLANG_WARN_ENUM_CONVERSION = YES;
				CLANG_WARN_INFINITE_RECURSION = YES;
				CLANG_WARN_INT_CONVERSION = YES;
				CLANG_WARN_NON_LITERAL_NULL_CONVERSION = YES;
				CLANG_WARN_OBJC_IMPLICIT_RETAIN_SELF = YES;
				CLANG_WARN_OBJC_LITERAL_CONVERSION = YES;
				CLANG_WARN_OBJC_ROOT_CLASS = YES_ERROR;
				CLANG_WARN_QUOTED_INCLUDE_IN_FRAMEWORK_HEADER = YES;
				CLANG_WARN_RANGE_LOOP_ANALYSIS = YES;
				CLANG_WARN_STRICT_PROTOTYPES = YES;
				CLANG_WARN_SUSPICIOUS_MOVE = YES;
				CLANG_WARN_UNGUARDED_AVAILABILITY = YES_AGGRESSIVE;
				CLANG_WARN_UNREACHABLE_CODE = YES;
				CLANG_WARN__DUPLICATE_METHOD_MATCH = YES;
				COPY_PHASE_STRIP = NO;
				DEBUG_INFORMATION_FORMAT = dwarf;
				ENABLE_STRICT_OBJC_MSGSEND = YES;
				ENABLE_TESTABILITY = YES;
				ENABLE_USER_SCRIPT_SANDBOXING = YES;
				GCC_C_LANGUAGE_STANDARD = gnu17;
				GCC_DYNAMIC_NO_PIC = NO;
				GCC_NO_COMMON_BLOCKS = YES;
				GCC_OPTIMIZATION_LEVEL = 0;
				GCC_PREPROCESSOR_DEFINITIONS = (
					"DEBUG=1",
					"$(inherited)",
				);
				GCC_WARN_64_TO_32_BIT_CONVERSION = YES;
				GCC_WARN_ABOUT_RETURN_TYPE = YES_ERROR;
				GCC_WARN_UNDECLARED_SELECTOR = YES;
				GCC_WARN_UNINITIALIZED_AUTOS = YES_AGGRESSIVE;
				GCC_WARN_UNUSED_FUNCTION = YES;
				GCC_WARN_UNUSED_VARIABLE = YES;
				IPHONEOS_DEPLOYMENT_TARGET = 18.1;
				LOCALIZATION_PREFERS_STRING_CATALOGS = YES;
				MTL_ENABLE_DEBUG_INFO = INCLUDE_SOURCE;
				MTL_FAST_MATH = YES;
				ONLY_ACTIVE_ARCH = YES;
				SDKROOT = iphoneos;
				SWIFT_ACTIVE_COMPILATION_CONDITIONS = "DEBUG $(inherited)";
				SWIFT_OPTIMIZATION_LEVEL = "-Onone";
			};
			name = Debug;
		};
		9E1EFD3B2DBB4EC70021DE73 /* Release */ = {
			isa = XCBuildConfiguration;
			buildSettings = {
				ALWAYS_SEARCH_USER_PATHS = NO;
				ASSETCATALOG_COMPILER_GENERATE_SWIFT_ASSET_SYMBOL_EXTENSIONS = YES;
				CLANG_ANALYZER_NONNULL = YES;
				CLANG_ANALYZER_NUMBER_OBJECT_CONVERSION = YES_AGGRESSIVE;
				CLANG_CXX_LANGUAGE_STANDARD = "gnu++20";
				CLANG_ENABLE_MODULES = YES;
				CLANG_ENABLE_OBJC_ARC = YES;
				CLANG_ENABLE_OBJC_WEAK = YES;
				CLANG_WARN_BLOCK_CAPTURE_AUTORELEASING = YES;
				CLANG_WARN_BOOL_CONVERSION = YES;
				CLANG_WARN_COMMA = YES;
				CLANG_WARN_CONSTANT_CONVERSION = YES;
				CLANG_WARN_DEPRECATED_OBJC_IMPLEMENTATIONS = YES;
				CLANG_WARN_DIRECT_OBJC_ISA_USAGE = YES_ERROR;
				CLANG_WARN_DOCUMENTATION_COMMENTS = YES;
				CLANG_WARN_EMPTY_BODY = YES;
				CLANG_WARN_ENUM_CONVERSION = YES;
				CLANG_WARN_INFINITE_RECURSION = YES;
				CLANG_WARN_INT_CONVERSION = YES;
				CLANG_WARN_NON_LITERAL_NULL_CONVERSION = YES;
				CLANG_WARN_OBJC_IMPLICIT_RETAIN_SELF = YES;
				CLANG_WARN_OBJC_LITERAL_CONVERSION = YES;
				CLANG_WARN_OBJC_ROOT_CLASS = YES_ERROR;
				CLANG_WARN_QUOTED_INCLUDE_IN_FRAMEWORK_HEADER = YES;
				CLANG_WARN_RANGE_LOOP_ANALYSIS = YES;
				CLANG_WARN_STRICT_PROTOTYPES = YES;
				CLANG_WARN_SUSPICIOUS_MOVE = YES;
				CLANG_WARN_UNGUARDED_AVAILABILITY = YES_AGGRESSIVE;
				CLANG_WARN_UNREACHABLE_CODE = YES;
				CLANG_WARN__DUPLICATE_METHOD_MATCH = YES;
				COPY_PHASE_STRIP = NO;
				DEBUG_INFORMATION_FORMAT = "dwarf-with-dsym";
				ENABLE_NS_ASSERTIONS = NO;
				ENABLE_STRICT_OBJC_MSGSEND = YES;
				ENABLE_USER_SCRIPT_SANDBOXING = YES;
				GCC_C_LANGUAGE_STANDARD = gnu17;
				GCC_NO_COMMON_BLOCKS = YES;
				GCC_WARN_64_TO_32_BIT_CONVERSION = YES;
				GCC_WARN_ABOUT_RETURN_TYPE = YES_ERROR;
				GCC_WARN_UNDECLARED_SELECTOR = YES;
				GCC_WARN_UNINITIALIZED_AUTOS = YES_AGGRESSIVE;
				GCC_WARN_UNUSED_FUNCTION = YES;
				GCC_WARN_UNUSED_VARIABLE = YES;
				IPHONEOS_DEPLOYMENT_TARGET = 18.1;
				LOCALIZATION_PREFERS_STRING_CATALOGS = YES;
				MTL_ENABLE_DEBUG_INFO = NO;
				MTL_FAST_MATH = YES;
				SDKROOT = iphoneos;
				SWIFT_COMPILATION_MODE = wholemodule;
				VALIDATE_PRODUCT = YES;
			};
			name = Release;
		};
		9E1EFD3D2DBB4EC70021DE73 /* Debug */ = {
			isa = XCBuildConfiguration;
			buildSettings = {
				ASSETCATALOG_COMPILER_APPICON_NAME = AppIcon;
				ASSETCATALOG_COMPILER_GLOBAL_ACCENT_COLOR_NAME = AccentColor;
				CODE_SIGN_STYLE = Automatic;
				CURRENT_PROJECT_VERSION = 1;
				DEVELOPMENT_ASSET_PATHS = "\"AppStoreClone/App/Preview Content\"";
				DEVELOPMENT_TEAM = A95XXD5WT7;
				ENABLE_PREVIEWS = YES;
				GENERATE_INFOPLIST_FILE = YES;
				INFOPLIST_KEY_CFBundleDisplayName = AppStoreClone;
				INFOPLIST_KEY_UIApplicationSceneManifest_Generation = YES;
				INFOPLIST_KEY_UIApplicationSupportsIndirectInputEvents = YES;
				INFOPLIST_KEY_UILaunchScreen_Generation = YES;
				INFOPLIST_KEY_UISupportedInterfaceOrientations = UIInterfaceOrientationPortrait;
				INFOPLIST_KEY_UISupportedInterfaceOrientations_iPad = UIInterfaceOrientationPortrait;
				IPHONEOS_DEPLOYMENT_TARGET = 16.6;
				LD_RUNPATH_SEARCH_PATHS = (
					"$(inherited)",
					"@executable_path/Frameworks",
				);
				MARKETING_VERSION = 1.0;
				PRODUCT_BUNDLE_IDENTIFIER = com.psy.AppStoreClone;
				PRODUCT_NAME = "$(TARGET_NAME)";
				SUPPORTED_PLATFORMS = "iphoneos iphonesimulator";
				SUPPORTS_MACCATALYST = NO;
				SUPPORTS_MAC_DESIGNED_FOR_IPHONE_IPAD = NO;
				SUPPORTS_XR_DESIGNED_FOR_IPHONE_IPAD = NO;
				SWIFT_EMIT_LOC_STRINGS = YES;
				SWIFT_VERSION = 5.0;
				TARGETED_DEVICE_FAMILY = 1;
			};
			name = Debug;
		};
		9E1EFD3E2DBB4EC70021DE73 /* Release */ = {
			isa = XCBuildConfiguration;
			buildSettings = {
				ASSETCATALOG_COMPILER_APPICON_NAME = AppIcon;
				ASSETCATALOG_COMPILER_GLOBAL_ACCENT_COLOR_NAME = AccentColor;
				CODE_SIGN_STYLE = Automatic;
				CURRENT_PROJECT_VERSION = 1;
				DEVELOPMENT_ASSET_PATHS = "\"AppStoreClone/App/Preview Content\"";
				DEVELOPMENT_TEAM = A95XXD5WT7;
				ENABLE_PREVIEWS = YES;
				GENERATE_INFOPLIST_FILE = YES;
				INFOPLIST_KEY_CFBundleDisplayName = AppStoreClone;
				INFOPLIST_KEY_UIApplicationSceneManifest_Generation = YES;
				INFOPLIST_KEY_UIApplicationSupportsIndirectInputEvents = YES;
				INFOPLIST_KEY_UILaunchScreen_Generation = YES;
				INFOPLIST_KEY_UISupportedInterfaceOrientations = UIInterfaceOrientationPortrait;
				INFOPLIST_KEY_UISupportedInterfaceOrientations_iPad = UIInterfaceOrientationPortrait;
				IPHONEOS_DEPLOYMENT_TARGET = 16.6;
				LD_RUNPATH_SEARCH_PATHS = (
					"$(inherited)",
					"@executable_path/Frameworks",
				);
				MARKETING_VERSION = 1.0;
				PRODUCT_BUNDLE_IDENTIFIER = com.psy.AppStoreClone;
				PRODUCT_NAME = "$(TARGET_NAME)";
				SUPPORTED_PLATFORMS = "iphoneos iphonesimulator";
				SUPPORTS_MACCATALYST = NO;
				SUPPORTS_MAC_DESIGNED_FOR_IPHONE_IPAD = NO;
				SUPPORTS_XR_DESIGNED_FOR_IPHONE_IPAD = NO;
				SWIFT_EMIT_LOC_STRINGS = YES;
				SWIFT_VERSION = 5.0;
				TARGETED_DEVICE_FAMILY = 1;
			};
			name = Release;
		};
/* End XCBuildConfiguration section */

/* Begin XCConfigurationList section */
		9E1EFD292DBB4EC60021DE73 /* Build configuration list for PBXProject "AppStoreClone" */ = {
			isa = XCConfigurationList;
			buildConfigurations = (
				9E1EFD3A2DBB4EC70021DE73 /* Debug */,
				9E1EFD3B2DBB4EC70021DE73 /* Release */,
			);
			defaultConfigurationIsVisible = 0;
			defaultConfigurationName = Release;
		};
		9E1EFD3C2DBB4EC70021DE73 /* Build configuration list for PBXNativeTarget "AppStoreClone" */ = {
			isa = XCConfigurationList;
			buildConfigurations = (
				9E1EFD3D2DBB4EC70021DE73 /* Debug */,
				9E1EFD3E2DBB4EC70021DE73 /* Release */,
			);
			defaultConfigurationIsVisible = 0;
			defaultConfigurationName = Release;
		};
/* End XCConfigurationList section */
	};
	rootObject = 9E1EFD262DBB4EC60021DE73 /* Project object */;
}
